// !$*UTF8*$!
{
	archiveVersion = 1;
	classes = {
	};
	objectVersion = 56;
	objects = {

/* Begin PBXBuildFile section */
		55719944299CE8EC00459855 /* TaggedBoardRequest.swift in Sources */ = {isa = PBXBuildFile; fileRef = 55719938299CE8EC00459855 /* TaggedBoardRequest.swift */; };
		55719945299CE8EC00459855 /* TaggedBoardResponse.swift in Sources */ = {isa = PBXBuildFile; fileRef = 55719939299CE8EC00459855 /* TaggedBoardResponse.swift */; };
		55719946299CE8EC00459855 /* CreateBoardResponse.swift in Sources */ = {isa = PBXBuildFile; fileRef = 5571993B299CE8EC00459855 /* CreateBoardResponse.swift */; };
		55719947299CE8EC00459855 /* CreateBoardRequest.swift in Sources */ = {isa = PBXBuildFile; fileRef = 5571993C299CE8EC00459855 /* CreateBoardRequest.swift */; };
		55719948299CE8EC00459855 /* GetTotalBoardRequest.swift in Sources */ = {isa = PBXBuildFile; fileRef = 5571993E299CE8EC00459855 /* GetTotalBoardRequest.swift */; };
		55719949299CE8EC00459855 /* GetTotalBoardResponse.swift in Sources */ = {isa = PBXBuildFile; fileRef = 5571993F299CE8EC00459855 /* GetTotalBoardResponse.swift */; };
		5571994A299CE8EC00459855 /* CreateTagResponse.swift in Sources */ = {isa = PBXBuildFile; fileRef = 55719942299CE8EC00459855 /* CreateTagResponse.swift */; };
		5571994B299CE8EC00459855 /* CreateTagRequest.swift in Sources */ = {isa = PBXBuildFile; fileRef = 55719943299CE8EC00459855 /* CreateTagRequest.swift */; };
		55719953299CE9C500459855 /* BoardAPI.swift in Sources */ = {isa = PBXBuildFile; fileRef = 5571994E299CE9C500459855 /* BoardAPI.swift */; };
		55719954299CE9C500459855 /* BoardService.swift in Sources */ = {isa = PBXBuildFile; fileRef = 5571994F299CE9C500459855 /* BoardService.swift */; };
		55719955299CE9C500459855 /* TagService.swift in Sources */ = {isa = PBXBuildFile; fileRef = 55719951299CE9C500459855 /* TagService.swift */; };
		55719956299CE9C500459855 /* TagAPI.swift in Sources */ = {isa = PBXBuildFile; fileRef = 55719952299CE9C500459855 /* TagAPI.swift */; };
		584B4A332988C9160052D5A9 /* Moya in Frameworks */ = {isa = PBXBuildFile; productRef = 584B4A322988C9160052D5A9 /* Moya */; };
		58ED405F298E59DE00B5DC04 /* KakaoSDKAuth in Frameworks */ = {isa = PBXBuildFile; productRef = 58ED405E298E59DE00B5DC04 /* KakaoSDKAuth */; };
		58ED4061298E59DE00B5DC04 /* KakaoSDKUser in Frameworks */ = {isa = PBXBuildFile; productRef = 58ED4060298E59DE00B5DC04 /* KakaoSDKUser */; };
		58ED4063298E73A700B5DC04 /* KakaoSDKCommon in Frameworks */ = {isa = PBXBuildFile; productRef = 58ED4062298E73A700B5DC04 /* KakaoSDKCommon */; };
		5C1B2062299CDA72007BCA2A /* CalendarPostingCollectionViewCell.swift in Sources */ = {isa = PBXBuildFile; fileRef = 5C1B2061299CDA72007BCA2A /* CalendarPostingCollectionViewCell.swift */; };
		5C20C9E7298D478A00B8BB2A /* Charts in Frameworks */ = {isa = PBXBuildFile; productRef = 5C20C9E6298D478A00B8BB2A /* Charts */; };
		5C20C9EA298D47E600B8BB2A /* SnapKit in Frameworks */ = {isa = PBXBuildFile; productRef = 5C20C9E9298D47E600B8BB2A /* SnapKit */; };
		5C20C9ED298D482000B8BB2A /* Then in Frameworks */ = {isa = PBXBuildFile; productRef = 5C20C9EC298D482000B8BB2A /* Then */; };
		5C525E2D298AC8050056CFF8 /* FSCalendar in Frameworks */ = {isa = PBXBuildFile; productRef = 5C525E2C298AC8050056CFF8 /* FSCalendar */; };
		5CAB4901299B74E800C0FB4F /* .swiftlint.yml in Resources */ = {isa = PBXBuildFile; fileRef = 5CAB488C299B74E800C0FB4F /* .swiftlint.yml */; };
		5CAB4902299B74E800C0FB4F /* UserDefaultsKey.swift in Sources */ = {isa = PBXBuildFile; fileRef = 5CAB488F299B74E800C0FB4F /* UserDefaultsKey.swift */; };
		5CAB4903299B74E800C0FB4F /* Header.swift in Sources */ = {isa = PBXBuildFile; fileRef = 5CAB4890299B74E800C0FB4F /* Header.swift */; };
		5CAB4904299B74E800C0FB4F /* URL.swift in Sources */ = {isa = PBXBuildFile; fileRef = 5CAB4891299B74E800C0FB4F /* URL.swift */; };
		5CAB4905299B74E800C0FB4F /* Const.swift in Sources */ = {isa = PBXBuildFile; fileRef = 5CAB4892299B74E800C0FB4F /* Const.swift */; };
		5CAB4906299B74E800C0FB4F /* SF-Pro.ttf in Resources */ = {isa = PBXBuildFile; fileRef = 5CAB4894299B74E800C0FB4F /* SF-Pro.ttf */; };
		5CAB4907299B74E800C0FB4F /* NanumSquareRoundOTFB.otf in Resources */ = {isa = PBXBuildFile; fileRef = 5CAB4895299B74E800C0FB4F /* NanumSquareRoundOTFB.otf */; };
		5CAB4908299B74E800C0FB4F /* NanumSquareRoundOTFR.otf in Resources */ = {isa = PBXBuildFile; fileRef = 5CAB4896299B74E800C0FB4F /* NanumSquareRoundOTFR.otf */; };
		5CAB4909299B74E800C0FB4F /* NanumSquareRoundOTFL.otf in Resources */ = {isa = PBXBuildFile; fileRef = 5CAB4897299B74E800C0FB4F /* NanumSquareRoundOTFL.otf */; };
		5CAB490A299B74E800C0FB4F /* NanumSquareRoundOTFEB.otf in Resources */ = {isa = PBXBuildFile; fileRef = 5CAB4898299B74E800C0FB4F /* NanumSquareRoundOTFEB.otf */; };
		5CAB490B299B74E800C0FB4F /* Assets.xcassets in Resources */ = {isa = PBXBuildFile; fileRef = 5CAB489A299B74E800C0FB4F /* Assets.xcassets */; };
		5CAB490C299B74E800C0FB4F /* LaunchScreen.storyboard in Resources */ = {isa = PBXBuildFile; fileRef = 5CAB489B299B74E800C0FB4F /* LaunchScreen.storyboard */; };
		5CAB490D299B74E800C0FB4F /* AuthAPI.swift in Sources */ = {isa = PBXBuildFile; fileRef = 5CAB48A1299B74E800C0FB4F /* AuthAPI.swift */; };
		5CAB490E299B74E800C0FB4F /* AuthService.swift in Sources */ = {isa = PBXBuildFile; fileRef = 5CAB48A2299B74E800C0FB4F /* AuthService.swift */; };
		5CAB490F299B74E800C0FB4F /* MoyaLoggerPlugin.swift in Sources */ = {isa = PBXBuildFile; fileRef = 5CAB48A4299B74E800C0FB4F /* MoyaLoggerPlugin.swift */; };
		5CAB4912299B74E800C0FB4F /* Tag.swift in Sources */ = {isa = PBXBuildFile; fileRef = 5CAB48AA299B74E800C0FB4F /* Tag.swift */; };
		5CAB4913299B74E800C0FB4F /* SocialSignUpResponse.swift in Sources */ = {isa = PBXBuildFile; fileRef = 5CAB48AE299B74E800C0FB4F /* SocialSignUpResponse.swift */; };
		5CAB4914299B74E800C0FB4F /* SocialSignUpJSON.swift in Sources */ = {isa = PBXBuildFile; fileRef = 5CAB48AF299B74E800C0FB4F /* SocialSignUpJSON.swift */; };
		5CAB4915299B74E800C0FB4F /* LoginRequest.swift in Sources */ = {isa = PBXBuildFile; fileRef = 5CAB48B1299B74E800C0FB4F /* LoginRequest.swift */; };
		5CAB4916299B74E800C0FB4F /* LoginResponse.swift in Sources */ = {isa = PBXBuildFile; fileRef = 5CAB48B2299B74E800C0FB4F /* LoginResponse.swift */; };
		5CAB4917299B74E800C0FB4F /* NetworkResult.swift in Sources */ = {isa = PBXBuildFile; fileRef = 5CAB48B3299B74E800C0FB4F /* NetworkResult.swift */; };
		5CAB4918299B74E800C0FB4F /* GenericResponse.swift in Sources */ = {isa = PBXBuildFile; fileRef = 5CAB48B4299B74E800C0FB4F /* GenericResponse.swift */; };
		5CAB4919299B74E800C0FB4F /* Constant.swift in Sources */ = {isa = PBXBuildFile; fileRef = 5CAB48B6299B74E800C0FB4F /* Constant.swift */; };
		5CAB491A299B74E800C0FB4F /* UIViewController+Extension.swift in Sources */ = {isa = PBXBuildFile; fileRef = 5CAB48B7299B74E800C0FB4F /* UIViewController+Extension.swift */; };
		5CAB491B299B74E800C0FB4F /* FloatingPanelController+Extension.swift in Sources */ = {isa = PBXBuildFile; fileRef = 5CAB48B8299B74E800C0FB4F /* FloatingPanelController+Extension.swift */; };
		5CAB491C299B74E800C0FB4F /* UITextField+Extension.swift in Sources */ = {isa = PBXBuildFile; fileRef = 5CAB48B9299B74E800C0FB4F /* UITextField+Extension.swift */; };
		5CAB491D299B74E800C0FB4F /* DetailImageViewController.swift in Sources */ = {isa = PBXBuildFile; fileRef = 5CAB48BC299B74E800C0FB4F /* DetailImageViewController.swift */; };
		5CAB491E299B74E800C0FB4F /* SingleDetailViewController.swift in Sources */ = {isa = PBXBuildFile; fileRef = 5CAB48BD299B74E800C0FB4F /* SingleDetailViewController.swift */; };
		5CAB491F299B74E800C0FB4F /* BottomSheetView.swift in Sources */ = {isa = PBXBuildFile; fileRef = 5CAB48BE299B74E800C0FB4F /* BottomSheetView.swift */; };
		5CAB4920299B74E800C0FB4F /* SingleDetailBottomSheetViewController.swift in Sources */ = {isa = PBXBuildFile; fileRef = 5CAB48BF299B74E800C0FB4F /* SingleDetailBottomSheetViewController.swift */; };
		5CAB4921299B74E800C0FB4F /* WritingImageCollectionViewCell.swift in Sources */ = {isa = PBXBuildFile; fileRef = 5CAB48C1299B74E800C0FB4F /* WritingImageCollectionViewCell.swift */; };
		5CAB4922299B74E900C0FB4F /* WritingViewController.swift in Sources */ = {isa = PBXBuildFile; fileRef = 5CAB48C2299B74E800C0FB4F /* WritingViewController.swift */; };
		5CAB4923299B74E900C0FB4F /* WritingViewController+TextViewDelegate.swift in Sources */ = {isa = PBXBuildFile; fileRef = 5CAB48C3299B74E800C0FB4F /* WritingViewController+TextViewDelegate.swift */; };
		5CAB4924299B74E900C0FB4F /* WritingViewController+DataSource.swift in Sources */ = {isa = PBXBuildFile; fileRef = 5CAB48C4299B74E800C0FB4F /* WritingViewController+DataSource.swift */; };
		5CAB4925299B74E900C0FB4F /* CalendarAPI.swift in Sources */ = {isa = PBXBuildFile; fileRef = 5CAB48C6299B74E800C0FB4F /* CalendarAPI.swift */; };
		5CAB4926299B74E900C0FB4F /* BonheurCalendarApiService.swift in Sources */ = {isa = PBXBuildFile; fileRef = 5CAB48C7299B74E800C0FB4F /* BonheurCalendarApiService.swift */; };
		5CAB4927299B74E900C0FB4F /* Extension.swift in Sources */ = {isa = PBXBuildFile; fileRef = 5CAB48C8299B74E800C0FB4F /* Extension.swift */; };
		5CAB4928299B74E900C0FB4F /* CalendarViewController.swift in Sources */ = {isa = PBXBuildFile; fileRef = 5CAB48C9299B74E800C0FB4F /* CalendarViewController.swift */; };
		5CAB4929299B74E900C0FB4F /* CalendarViewDataResponse.swift in Sources */ = {isa = PBXBuildFile; fileRef = 5CAB48CA299B74E800C0FB4F /* CalendarViewDataResponse.swift */; };
		5CAB492A299B74E900C0FB4F /* HomePostingCollectionViewCell.swift in Sources */ = {isa = PBXBuildFile; fileRef = 5CAB48CD299B74E800C0FB4F /* HomePostingCollectionViewCell.swift */; };
		5CAB492B299B74E900C0FB4F /* HomeViewController+DelegateFlowLayout .swift in Sources */ = {isa = PBXBuildFile; fileRef = 5CAB48CE299B74E800C0FB4F /* HomeViewController+DelegateFlowLayout .swift */; };
		5CAB492C299B74E900C0FB4F /* HomeViewController+DataSource.swift in Sources */ = {isa = PBXBuildFile; fileRef = 5CAB48CF299B74E800C0FB4F /* HomeViewController+DataSource.swift */; };
		5CAB492D299B74E900C0FB4F /* HomeCollectionViewHeader.swift in Sources */ = {isa = PBXBuildFile; fileRef = 5CAB48D1299B74E800C0FB4F /* HomeCollectionViewHeader.swift */; };
		5CAB492E299B74E900C0FB4F /* PostingDeletePopUpView.swift in Sources */ = {isa = PBXBuildFile; fileRef = 5CAB48D3299B74E800C0FB4F /* PostingDeletePopUpView.swift */; };
		5CAB492F299B74E900C0FB4F /* DeleteCompletionView.swift in Sources */ = {isa = PBXBuildFile; fileRef = 5CAB48D4299B74E800C0FB4F /* DeleteCompletionView.swift */; };
		5CAB4930299B74E900C0FB4F /* PostingEditPopUpViewController.swift in Sources */ = {isa = PBXBuildFile; fileRef = 5CAB48D5299B74E800C0FB4F /* PostingEditPopUpViewController.swift */; };
		5CAB4931299B74E900C0FB4F /* PostingEditPopUpView.swift in Sources */ = {isa = PBXBuildFile; fileRef = 5CAB48D6299B74E800C0FB4F /* PostingEditPopUpView.swift */; };
		5CAB4932299B74E900C0FB4F /* HomeViewController.swift in Sources */ = {isa = PBXBuildFile; fileRef = 5CAB48D7299B74E800C0FB4F /* HomeViewController.swift */; };
		5CAB4933299B74E900C0FB4F /* HomeSortStackView.swift in Sources */ = {isa = PBXBuildFile; fileRef = 5CAB48D8299B74E800C0FB4F /* HomeSortStackView.swift */; };
		5CAB4934299B74E900C0FB4F /* TagSelectModalViewController.swift in Sources */ = {isa = PBXBuildFile; fileRef = 5CAB48DA299B74E800C0FB4F /* TagSelectModalViewController.swift */; };
		5CAB4935299B74E900C0FB4F /* SelectedTagStackView.swift in Sources */ = {isa = PBXBuildFile; fileRef = 5CAB48DB299B74E800C0FB4F /* SelectedTagStackView.swift */; };
		5CAB4936299B74E900C0FB4F /* RecentTagStackView.swift in Sources */ = {isa = PBXBuildFile; fileRef = 5CAB48DC299B74E800C0FB4F /* RecentTagStackView.swift */; };
		5CAB4947299B74E900C0FB4F /* ProfileSettingViewController.swift in Sources */ = {isa = PBXBuildFile; fileRef = 5CAB48F4299B74E800C0FB4F /* ProfileSettingViewController.swift */; };
		5CAB4948299B74E900C0FB4F /* EmailStackView.swift in Sources */ = {isa = PBXBuildFile; fileRef = 5CAB48F5299B74E800C0FB4F /* EmailStackView.swift */; };
		5CAB4949299B74E900C0FB4F /* OAuthStackView.swift in Sources */ = {isa = PBXBuildFile; fileRef = 5CAB48F6299B74E800C0FB4F /* OAuthStackView.swift */; };
		5CAB494A299B74E900C0FB4F /* TitleStackView.swift in Sources */ = {isa = PBXBuildFile; fileRef = 5CAB48F7299B74E800C0FB4F /* TitleStackView.swift */; };
		5CAB494B299B74E900C0FB4F /* LoginViewController.swift in Sources */ = {isa = PBXBuildFile; fileRef = 5CAB48F8299B74E800C0FB4F /* LoginViewController.swift */; };
		5CAB494C299B74E900C0FB4F /* TabBarController.swift in Sources */ = {isa = PBXBuildFile; fileRef = 5CAB48F9299B74E800C0FB4F /* TabBarController.swift */; };
		5CAB494D299B74E900C0FB4F /* TagLabel.swift in Sources */ = {isa = PBXBuildFile; fileRef = 5CAB48FC299B74E800C0FB4F /* TagLabel.swift */; };
		5CAB494E299B74E900C0FB4F /* DividerUIView.swift in Sources */ = {isa = PBXBuildFile; fileRef = 5CAB48FD299B74E800C0FB4F /* DividerUIView.swift */; };
		5CAB494F299B74E900C0FB4F /* AppDelegate.swift in Sources */ = {isa = PBXBuildFile; fileRef = 5CAB48FE299B74E800C0FB4F /* AppDelegate.swift */; };
		5CAB4951299B74E900C0FB4F /* SceneDelegate.swift in Sources */ = {isa = PBXBuildFile; fileRef = 5CAB4900299B74E800C0FB4F /* SceneDelegate.swift */; };
		8A126C5F29912DDE00F096AB /* FloatingPanel in Frameworks */ = {isa = PBXBuildFile; productRef = 8A126C5E29912DDE00F096AB /* FloatingPanel */; };
		8AFF6D97299CED9E00A17102 /* MyPageResponse.swift in Sources */ = {isa = PBXBuildFile; fileRef = 8AFF6D95299CED9E00A17102 /* MyPageResponse.swift */; };
		8AFF6D98299CED9E00A17102 /* MyPageRequest.swift in Sources */ = {isa = PBXBuildFile; fileRef = 8AFF6D96299CED9E00A17102 /* MyPageRequest.swift */; };
		8AFF6D9C299CEDA900A17102 /* MyPageService.swift in Sources */ = {isa = PBXBuildFile; fileRef = 8AFF6D9A299CEDA900A17102 /* MyPageService.swift */; };
		8AFF6D9D299CEDA900A17102 /* MyPageApi.swift in Sources */ = {isa = PBXBuildFile; fileRef = 8AFF6D9B299CEDA900A17102 /* MyPageApi.swift */; };
		8AFF6DB3299CEDF900A17102 /* SettingViewController.swift in Sources */ = {isa = PBXBuildFile; fileRef = 8AFF6DA0299CEDF900A17102 /* SettingViewController.swift */; };
		8AFF6DB4299CEDF900A17102 /* NotificationSettingTableViewCell.swift in Sources */ = {isa = PBXBuildFile; fileRef = 8AFF6DA2299CEDF900A17102 /* NotificationSettingTableViewCell.swift */; };
		8AFF6DB5299CEDF900A17102 /* IntroduceDeveloperViewController.swift in Sources */ = {isa = PBXBuildFile; fileRef = 8AFF6DA3299CEDF900A17102 /* IntroduceDeveloperViewController.swift */; };
		8AFF6DB6299CEDF900A17102 /* NotificationSettingViewController.swift in Sources */ = {isa = PBXBuildFile; fileRef = 8AFF6DA4299CEDF900A17102 /* NotificationSettingViewController.swift */; };
		8AFF6DB7299CEDF900A17102 /* IntroduceDeveloperView.swift in Sources */ = {isa = PBXBuildFile; fileRef = 8AFF6DA5299CEDF900A17102 /* IntroduceDeveloperView.swift */; };
		8AFF6DB8299CEDF900A17102 /* SettingView.swift in Sources */ = {isa = PBXBuildFile; fileRef = 8AFF6DA6299CEDF900A17102 /* SettingView.swift */; };
		8AFF6DB9299CEDF900A17102 /* NicknameView.swift in Sources */ = {isa = PBXBuildFile; fileRef = 8AFF6DA7299CEDF900A17102 /* NicknameView.swift */; };
		8AFF6DBA299CEDF900A17102 /* EditProfileView.swift in Sources */ = {isa = PBXBuildFile; fileRef = 8AFF6DA9299CEDF900A17102 /* EditProfileView.swift */; };
		8AFF6DBB299CEDF900A17102 /* EditProfileViewController.swift in Sources */ = {isa = PBXBuildFile; fileRef = 8AFF6DAA299CEDF900A17102 /* EditProfileViewController.swift */; };
		8AFF6DBC299CEDF900A17102 /* StatsByMonthView.swift in Sources */ = {isa = PBXBuildFile; fileRef = 8AFF6DAC299CEDF900A17102 /* StatsByMonthView.swift */; };
		8AFF6DBD299CEDF900A17102 /* StatsByHourView.swift in Sources */ = {isa = PBXBuildFile; fileRef = 8AFF6DAD299CEDF900A17102 /* StatsByHourView.swift */; };
		8AFF6DBE299CEDF900A17102 /* StatsByTagView.swift in Sources */ = {isa = PBXBuildFile; fileRef = 8AFF6DAE299CEDF900A17102 /* StatsByTagView.swift */; };
		8AFF6DBF299CEDF900A17102 /* StatsByDayOfTheWeekView.swift in Sources */ = {isa = PBXBuildFile; fileRef = 8AFF6DAF299CEDF900A17102 /* StatsByDayOfTheWeekView.swift */; };
		8AFF6DC0299CEDF900A17102 /* StatsView.swift in Sources */ = {isa = PBXBuildFile; fileRef = 8AFF6DB0299CEDF900A17102 /* StatsView.swift */; };
		8AFF6DC1299CEDF900A17102 /* MyPageViewController.swift in Sources */ = {isa = PBXBuildFile; fileRef = 8AFF6DB1299CEDF900A17102 /* MyPageViewController.swift */; };
		8AFF6DC2299CEDF900A17102 /* CountCloverView.swift in Sources */ = {isa = PBXBuildFile; fileRef = 8AFF6DB2299CEDF900A17102 /* CountCloverView.swift */; };
/* End PBXBuildFile section */

/* Begin PBXFileReference section */
		553ECDCE2966B5E5003D8EEA /* bonheur.app */ = {isa = PBXFileReference; explicitFileType = wrapper.application; includeInIndex = 0; path = bonheur.app; sourceTree = BUILT_PRODUCTS_DIR; };
		5C1B2061299CDA72007BCA2A /* CalendarPostingCollectionViewCell.swift */ = {isa = PBXFileReference; lastKnownFileType = sourcecode.swift; path = CalendarPostingCollectionViewCell.swift; sourceTree = "<group>"; };
		55719938299CE8EC00459855 /* TaggedBoardRequest.swift */ = {isa = PBXFileReference; fileEncoding = 4; lastKnownFileType = sourcecode.swift; path = TaggedBoardRequest.swift; sourceTree = "<group>"; };
		55719939299CE8EC00459855 /* TaggedBoardResponse.swift */ = {isa = PBXFileReference; fileEncoding = 4; lastKnownFileType = sourcecode.swift; path = TaggedBoardResponse.swift; sourceTree = "<group>"; };
		5571993B299CE8EC00459855 /* CreateBoardResponse.swift */ = {isa = PBXFileReference; fileEncoding = 4; lastKnownFileType = sourcecode.swift; path = CreateBoardResponse.swift; sourceTree = "<group>"; };
		5571993C299CE8EC00459855 /* CreateBoardRequest.swift */ = {isa = PBXFileReference; fileEncoding = 4; lastKnownFileType = sourcecode.swift; path = CreateBoardRequest.swift; sourceTree = "<group>"; };
		5571993E299CE8EC00459855 /* GetTotalBoardRequest.swift */ = {isa = PBXFileReference; fileEncoding = 4; lastKnownFileType = sourcecode.swift; path = GetTotalBoardRequest.swift; sourceTree = "<group>"; };
		5571993F299CE8EC00459855 /* GetTotalBoardResponse.swift */ = {isa = PBXFileReference; fileEncoding = 4; lastKnownFileType = sourcecode.swift; path = GetTotalBoardResponse.swift; sourceTree = "<group>"; };
		55719942299CE8EC00459855 /* CreateTagResponse.swift */ = {isa = PBXFileReference; fileEncoding = 4; lastKnownFileType = sourcecode.swift; path = CreateTagResponse.swift; sourceTree = "<group>"; };
		55719943299CE8EC00459855 /* CreateTagRequest.swift */ = {isa = PBXFileReference; fileEncoding = 4; lastKnownFileType = sourcecode.swift; path = CreateTagRequest.swift; sourceTree = "<group>"; };
		5571994E299CE9C500459855 /* BoardAPI.swift */ = {isa = PBXFileReference; fileEncoding = 4; lastKnownFileType = sourcecode.swift; path = BoardAPI.swift; sourceTree = "<group>"; };
		5571994F299CE9C500459855 /* BoardService.swift */ = {isa = PBXFileReference; fileEncoding = 4; lastKnownFileType = sourcecode.swift; path = BoardService.swift; sourceTree = "<group>"; };
		55719951299CE9C500459855 /* TagService.swift */ = {isa = PBXFileReference; fileEncoding = 4; lastKnownFileType = sourcecode.swift; path = TagService.swift; sourceTree = "<group>"; };
		55719952299CE9C500459855 /* TagAPI.swift */ = {isa = PBXFileReference; fileEncoding = 4; lastKnownFileType = sourcecode.swift; path = TagAPI.swift; sourceTree = "<group>"; };
		5CAB488C299B74E800C0FB4F /* .swiftlint.yml */ = {isa = PBXFileReference; fileEncoding = 4; lastKnownFileType = text.yaml; path = .swiftlint.yml; sourceTree = "<group>"; };
		5CAB488F299B74E800C0FB4F /* UserDefaultsKey.swift */ = {isa = PBXFileReference; fileEncoding = 4; lastKnownFileType = sourcecode.swift; path = UserDefaultsKey.swift; sourceTree = "<group>"; };
		5CAB4890299B74E800C0FB4F /* Header.swift */ = {isa = PBXFileReference; fileEncoding = 4; lastKnownFileType = sourcecode.swift; path = Header.swift; sourceTree = "<group>"; };
		5CAB4891299B74E800C0FB4F /* URL.swift */ = {isa = PBXFileReference; fileEncoding = 4; lastKnownFileType = sourcecode.swift; path = URL.swift; sourceTree = "<group>"; };
		5CAB4892299B74E800C0FB4F /* Const.swift */ = {isa = PBXFileReference; fileEncoding = 4; lastKnownFileType = sourcecode.swift; path = Const.swift; sourceTree = "<group>"; };
		5CAB4894299B74E800C0FB4F /* SF-Pro.ttf */ = {isa = PBXFileReference; lastKnownFileType = file; path = "SF-Pro.ttf"; sourceTree = "<group>"; };
		5CAB4895299B74E800C0FB4F /* NanumSquareRoundOTFB.otf */ = {isa = PBXFileReference; lastKnownFileType = file; path = NanumSquareRoundOTFB.otf; sourceTree = "<group>"; };
		5CAB4896299B74E800C0FB4F /* NanumSquareRoundOTFR.otf */ = {isa = PBXFileReference; lastKnownFileType = file; path = NanumSquareRoundOTFR.otf; sourceTree = "<group>"; };
		5CAB4897299B74E800C0FB4F /* NanumSquareRoundOTFL.otf */ = {isa = PBXFileReference; lastKnownFileType = file; path = NanumSquareRoundOTFL.otf; sourceTree = "<group>"; };
		5CAB4898299B74E800C0FB4F /* NanumSquareRoundOTFEB.otf */ = {isa = PBXFileReference; lastKnownFileType = file; path = NanumSquareRoundOTFEB.otf; sourceTree = "<group>"; };
		5CAB489A299B74E800C0FB4F /* Assets.xcassets */ = {isa = PBXFileReference; lastKnownFileType = folder.assetcatalog; path = Assets.xcassets; sourceTree = "<group>"; };
		5CAB489C299B74E800C0FB4F /* Base */ = {isa = PBXFileReference; lastKnownFileType = file.storyboard; name = Base; path = Base.lproj/LaunchScreen.storyboard; sourceTree = "<group>"; };
		5CAB489D299B74E800C0FB4F /* bonheur.entitlements */ = {isa = PBXFileReference; fileEncoding = 4; lastKnownFileType = text.plist.entitlements; path = bonheur.entitlements; sourceTree = "<group>"; };
		5CAB48A1299B74E800C0FB4F /* AuthAPI.swift */ = {isa = PBXFileReference; fileEncoding = 4; lastKnownFileType = sourcecode.swift; path = AuthAPI.swift; sourceTree = "<group>"; };
		5CAB48A2299B74E800C0FB4F /* AuthService.swift */ = {isa = PBXFileReference; fileEncoding = 4; lastKnownFileType = sourcecode.swift; path = AuthService.swift; sourceTree = "<group>"; };
		5CAB48A4299B74E800C0FB4F /* MoyaLoggerPlugin.swift */ = {isa = PBXFileReference; fileEncoding = 4; lastKnownFileType = sourcecode.swift; path = MoyaLoggerPlugin.swift; sourceTree = "<group>"; };
		5CAB48AA299B74E800C0FB4F /* Tag.swift */ = {isa = PBXFileReference; fileEncoding = 4; lastKnownFileType = sourcecode.swift; path = Tag.swift; sourceTree = "<group>"; };
		5CAB48AE299B74E800C0FB4F /* SocialSignUpResponse.swift */ = {isa = PBXFileReference; fileEncoding = 4; lastKnownFileType = sourcecode.swift; path = SocialSignUpResponse.swift; sourceTree = "<group>"; };
		5CAB48AF299B74E800C0FB4F /* SocialSignUpJSON.swift */ = {isa = PBXFileReference; fileEncoding = 4; lastKnownFileType = sourcecode.swift; path = SocialSignUpJSON.swift; sourceTree = "<group>"; };
		5CAB48B1299B74E800C0FB4F /* LoginRequest.swift */ = {isa = PBXFileReference; fileEncoding = 4; lastKnownFileType = sourcecode.swift; path = LoginRequest.swift; sourceTree = "<group>"; };
		5CAB48B2299B74E800C0FB4F /* LoginResponse.swift */ = {isa = PBXFileReference; fileEncoding = 4; lastKnownFileType = sourcecode.swift; path = LoginResponse.swift; sourceTree = "<group>"; };
		5CAB48B3299B74E800C0FB4F /* NetworkResult.swift */ = {isa = PBXFileReference; fileEncoding = 4; lastKnownFileType = sourcecode.swift; path = NetworkResult.swift; sourceTree = "<group>"; };
		5CAB48B4299B74E800C0FB4F /* GenericResponse.swift */ = {isa = PBXFileReference; fileEncoding = 4; lastKnownFileType = sourcecode.swift; path = GenericResponse.swift; sourceTree = "<group>"; };
		5CAB48B6299B74E800C0FB4F /* Constant.swift */ = {isa = PBXFileReference; fileEncoding = 4; lastKnownFileType = sourcecode.swift; path = Constant.swift; sourceTree = "<group>"; };
		5CAB48B7299B74E800C0FB4F /* UIViewController+Extension.swift */ = {isa = PBXFileReference; fileEncoding = 4; lastKnownFileType = sourcecode.swift; path = "UIViewController+Extension.swift"; sourceTree = "<group>"; };
		5CAB48B8299B74E800C0FB4F /* FloatingPanelController+Extension.swift */ = {isa = PBXFileReference; fileEncoding = 4; lastKnownFileType = sourcecode.swift; path = "FloatingPanelController+Extension.swift"; sourceTree = "<group>"; };
		5CAB48B9299B74E800C0FB4F /* UITextField+Extension.swift */ = {isa = PBXFileReference; fileEncoding = 4; lastKnownFileType = sourcecode.swift; path = "UITextField+Extension.swift"; sourceTree = "<group>"; };
		5CAB48BC299B74E800C0FB4F /* DetailImageViewController.swift */ = {isa = PBXFileReference; fileEncoding = 4; lastKnownFileType = sourcecode.swift; path = DetailImageViewController.swift; sourceTree = "<group>"; };
		5CAB48BD299B74E800C0FB4F /* SingleDetailViewController.swift */ = {isa = PBXFileReference; fileEncoding = 4; lastKnownFileType = sourcecode.swift; path = SingleDetailViewController.swift; sourceTree = "<group>"; };
		5CAB48BE299B74E800C0FB4F /* BottomSheetView.swift */ = {isa = PBXFileReference; fileEncoding = 4; lastKnownFileType = sourcecode.swift; path = BottomSheetView.swift; sourceTree = "<group>"; };
		5CAB48BF299B74E800C0FB4F /* SingleDetailBottomSheetViewController.swift */ = {isa = PBXFileReference; fileEncoding = 4; lastKnownFileType = sourcecode.swift; path = SingleDetailBottomSheetViewController.swift; sourceTree = "<group>"; };
		5CAB48C1299B74E800C0FB4F /* WritingImageCollectionViewCell.swift */ = {isa = PBXFileReference; fileEncoding = 4; lastKnownFileType = sourcecode.swift; path = WritingImageCollectionViewCell.swift; sourceTree = "<group>"; };
		5CAB48C2299B74E800C0FB4F /* WritingViewController.swift */ = {isa = PBXFileReference; fileEncoding = 4; lastKnownFileType = sourcecode.swift; path = WritingViewController.swift; sourceTree = "<group>"; };
		5CAB48C3299B74E800C0FB4F /* WritingViewController+TextViewDelegate.swift */ = {isa = PBXFileReference; fileEncoding = 4; lastKnownFileType = sourcecode.swift; path = "WritingViewController+TextViewDelegate.swift"; sourceTree = "<group>"; };
		5CAB48C4299B74E800C0FB4F /* WritingViewController+DataSource.swift */ = {isa = PBXFileReference; fileEncoding = 4; lastKnownFileType = sourcecode.swift; path = "WritingViewController+DataSource.swift"; sourceTree = "<group>"; };
		5CAB48C6299B74E800C0FB4F /* CalendarAPI.swift */ = {isa = PBXFileReference; fileEncoding = 4; lastKnownFileType = sourcecode.swift; path = CalendarAPI.swift; sourceTree = "<group>"; };
		5CAB48C7299B74E800C0FB4F /* BonheurCalendarApiService.swift */ = {isa = PBXFileReference; fileEncoding = 4; lastKnownFileType = sourcecode.swift; path = BonheurCalendarApiService.swift; sourceTree = "<group>"; };
		5CAB48C8299B74E800C0FB4F /* Extension.swift */ = {isa = PBXFileReference; fileEncoding = 4; lastKnownFileType = sourcecode.swift; path = Extension.swift; sourceTree = "<group>"; };
		5CAB48C9299B74E800C0FB4F /* CalendarViewController.swift */ = {isa = PBXFileReference; fileEncoding = 4; lastKnownFileType = sourcecode.swift; path = CalendarViewController.swift; sourceTree = "<group>"; };
		5CAB48CA299B74E800C0FB4F /* CalendarViewDataResponse.swift */ = {isa = PBXFileReference; fileEncoding = 4; lastKnownFileType = sourcecode.swift; path = CalendarViewDataResponse.swift; sourceTree = "<group>"; };
		5CAB48CD299B74E800C0FB4F /* HomePostingCollectionViewCell.swift */ = {isa = PBXFileReference; fileEncoding = 4; lastKnownFileType = sourcecode.swift; path = HomePostingCollectionViewCell.swift; sourceTree = "<group>"; };
		5CAB48CE299B74E800C0FB4F /* HomeViewController+DelegateFlowLayout .swift */ = {isa = PBXFileReference; fileEncoding = 4; lastKnownFileType = sourcecode.swift; path = "HomeViewController+DelegateFlowLayout .swift"; sourceTree = "<group>"; };
		5CAB48CF299B74E800C0FB4F /* HomeViewController+DataSource.swift */ = {isa = PBXFileReference; fileEncoding = 4; lastKnownFileType = sourcecode.swift; path = "HomeViewController+DataSource.swift"; sourceTree = "<group>"; };
		5CAB48D1299B74E800C0FB4F /* HomeCollectionViewHeader.swift */ = {isa = PBXFileReference; fileEncoding = 4; lastKnownFileType = sourcecode.swift; path = HomeCollectionViewHeader.swift; sourceTree = "<group>"; };
		5CAB48D3299B74E800C0FB4F /* PostingDeletePopUpView.swift */ = {isa = PBXFileReference; fileEncoding = 4; lastKnownFileType = sourcecode.swift; path = PostingDeletePopUpView.swift; sourceTree = "<group>"; };
		5CAB48D4299B74E800C0FB4F /* DeleteCompletionView.swift */ = {isa = PBXFileReference; fileEncoding = 4; lastKnownFileType = sourcecode.swift; path = DeleteCompletionView.swift; sourceTree = "<group>"; };
		5CAB48D5299B74E800C0FB4F /* PostingEditPopUpViewController.swift */ = {isa = PBXFileReference; fileEncoding = 4; lastKnownFileType = sourcecode.swift; path = PostingEditPopUpViewController.swift; sourceTree = "<group>"; };
		5CAB48D6299B74E800C0FB4F /* PostingEditPopUpView.swift */ = {isa = PBXFileReference; fileEncoding = 4; lastKnownFileType = sourcecode.swift; path = PostingEditPopUpView.swift; sourceTree = "<group>"; };
		5CAB48D7299B74E800C0FB4F /* HomeViewController.swift */ = {isa = PBXFileReference; fileEncoding = 4; lastKnownFileType = sourcecode.swift; path = HomeViewController.swift; sourceTree = "<group>"; };
		5CAB48D8299B74E800C0FB4F /* HomeSortStackView.swift */ = {isa = PBXFileReference; fileEncoding = 4; lastKnownFileType = sourcecode.swift; path = HomeSortStackView.swift; sourceTree = "<group>"; };
		5CAB48DA299B74E800C0FB4F /* TagSelectModalViewController.swift */ = {isa = PBXFileReference; fileEncoding = 4; lastKnownFileType = sourcecode.swift; path = TagSelectModalViewController.swift; sourceTree = "<group>"; };
		5CAB48DB299B74E800C0FB4F /* SelectedTagStackView.swift */ = {isa = PBXFileReference; fileEncoding = 4; lastKnownFileType = sourcecode.swift; path = SelectedTagStackView.swift; sourceTree = "<group>"; };
		5CAB48DC299B74E800C0FB4F /* RecentTagStackView.swift */ = {isa = PBXFileReference; fileEncoding = 4; lastKnownFileType = sourcecode.swift; path = RecentTagStackView.swift; sourceTree = "<group>"; };
		5CAB48F4299B74E800C0FB4F /* ProfileSettingViewController.swift */ = {isa = PBXFileReference; fileEncoding = 4; lastKnownFileType = sourcecode.swift; path = ProfileSettingViewController.swift; sourceTree = "<group>"; };
		5CAB48F5299B74E800C0FB4F /* EmailStackView.swift */ = {isa = PBXFileReference; fileEncoding = 4; lastKnownFileType = sourcecode.swift; path = EmailStackView.swift; sourceTree = "<group>"; };
		5CAB48F6299B74E800C0FB4F /* OAuthStackView.swift */ = {isa = PBXFileReference; fileEncoding = 4; lastKnownFileType = sourcecode.swift; path = OAuthStackView.swift; sourceTree = "<group>"; };
		5CAB48F7299B74E800C0FB4F /* TitleStackView.swift */ = {isa = PBXFileReference; fileEncoding = 4; lastKnownFileType = sourcecode.swift; path = TitleStackView.swift; sourceTree = "<group>"; };
		5CAB48F8299B74E800C0FB4F /* LoginViewController.swift */ = {isa = PBXFileReference; fileEncoding = 4; lastKnownFileType = sourcecode.swift; path = LoginViewController.swift; sourceTree = "<group>"; };
		5CAB48F9299B74E800C0FB4F /* TabBarController.swift */ = {isa = PBXFileReference; fileEncoding = 4; lastKnownFileType = sourcecode.swift; path = TabBarController.swift; sourceTree = "<group>"; };
		5CAB48FC299B74E800C0FB4F /* TagLabel.swift */ = {isa = PBXFileReference; fileEncoding = 4; lastKnownFileType = sourcecode.swift; path = TagLabel.swift; sourceTree = "<group>"; };
		5CAB48FD299B74E800C0FB4F /* DividerUIView.swift */ = {isa = PBXFileReference; fileEncoding = 4; lastKnownFileType = sourcecode.swift; path = DividerUIView.swift; sourceTree = "<group>"; };
		5CAB48FE299B74E800C0FB4F /* AppDelegate.swift */ = {isa = PBXFileReference; fileEncoding = 4; lastKnownFileType = sourcecode.swift; path = AppDelegate.swift; sourceTree = "<group>"; };
		5CAB48FF299B74E800C0FB4F /* Info.plist */ = {isa = PBXFileReference; fileEncoding = 4; lastKnownFileType = text.plist.xml; path = Info.plist; sourceTree = "<group>"; };
		5CAB4900299B74E800C0FB4F /* SceneDelegate.swift */ = {isa = PBXFileReference; fileEncoding = 4; lastKnownFileType = sourcecode.swift; path = SceneDelegate.swift; sourceTree = "<group>"; };
		8AFF6D95299CED9E00A17102 /* MyPageResponse.swift */ = {isa = PBXFileReference; fileEncoding = 4; lastKnownFileType = sourcecode.swift; path = MyPageResponse.swift; sourceTree = "<group>"; };
		8AFF6D96299CED9E00A17102 /* MyPageRequest.swift */ = {isa = PBXFileReference; fileEncoding = 4; lastKnownFileType = sourcecode.swift; path = MyPageRequest.swift; sourceTree = "<group>"; };
		8AFF6D9A299CEDA900A17102 /* MyPageService.swift */ = {isa = PBXFileReference; fileEncoding = 4; lastKnownFileType = sourcecode.swift; path = MyPageService.swift; sourceTree = "<group>"; };
		8AFF6D9B299CEDA900A17102 /* MyPageApi.swift */ = {isa = PBXFileReference; fileEncoding = 4; lastKnownFileType = sourcecode.swift; path = MyPageApi.swift; sourceTree = "<group>"; };
		8AFF6DA0299CEDF900A17102 /* SettingViewController.swift */ = {isa = PBXFileReference; fileEncoding = 4; lastKnownFileType = sourcecode.swift; path = SettingViewController.swift; sourceTree = "<group>"; };
		8AFF6DA2299CEDF900A17102 /* NotificationSettingTableViewCell.swift */ = {isa = PBXFileReference; fileEncoding = 4; lastKnownFileType = sourcecode.swift; path = NotificationSettingTableViewCell.swift; sourceTree = "<group>"; };
		8AFF6DA3299CEDF900A17102 /* IntroduceDeveloperViewController.swift */ = {isa = PBXFileReference; fileEncoding = 4; lastKnownFileType = sourcecode.swift; path = IntroduceDeveloperViewController.swift; sourceTree = "<group>"; };
		8AFF6DA4299CEDF900A17102 /* NotificationSettingViewController.swift */ = {isa = PBXFileReference; fileEncoding = 4; lastKnownFileType = sourcecode.swift; path = NotificationSettingViewController.swift; sourceTree = "<group>"; };
		8AFF6DA5299CEDF900A17102 /* IntroduceDeveloperView.swift */ = {isa = PBXFileReference; fileEncoding = 4; lastKnownFileType = sourcecode.swift; path = IntroduceDeveloperView.swift; sourceTree = "<group>"; };
		8AFF6DA6299CEDF900A17102 /* SettingView.swift */ = {isa = PBXFileReference; fileEncoding = 4; lastKnownFileType = sourcecode.swift; path = SettingView.swift; sourceTree = "<group>"; };
		8AFF6DA7299CEDF900A17102 /* NicknameView.swift */ = {isa = PBXFileReference; fileEncoding = 4; lastKnownFileType = sourcecode.swift; path = NicknameView.swift; sourceTree = "<group>"; };
		8AFF6DA9299CEDF900A17102 /* EditProfileView.swift */ = {isa = PBXFileReference; fileEncoding = 4; lastKnownFileType = sourcecode.swift; path = EditProfileView.swift; sourceTree = "<group>"; };
		8AFF6DAA299CEDF900A17102 /* EditProfileViewController.swift */ = {isa = PBXFileReference; fileEncoding = 4; lastKnownFileType = sourcecode.swift; path = EditProfileViewController.swift; sourceTree = "<group>"; };
		8AFF6DAC299CEDF900A17102 /* StatsByMonthView.swift */ = {isa = PBXFileReference; fileEncoding = 4; lastKnownFileType = sourcecode.swift; path = StatsByMonthView.swift; sourceTree = "<group>"; };
		8AFF6DAD299CEDF900A17102 /* StatsByHourView.swift */ = {isa = PBXFileReference; fileEncoding = 4; lastKnownFileType = sourcecode.swift; path = StatsByHourView.swift; sourceTree = "<group>"; };
		8AFF6DAE299CEDF900A17102 /* StatsByTagView.swift */ = {isa = PBXFileReference; fileEncoding = 4; lastKnownFileType = sourcecode.swift; path = StatsByTagView.swift; sourceTree = "<group>"; };
		8AFF6DAF299CEDF900A17102 /* StatsByDayOfTheWeekView.swift */ = {isa = PBXFileReference; fileEncoding = 4; lastKnownFileType = sourcecode.swift; path = StatsByDayOfTheWeekView.swift; sourceTree = "<group>"; };
		8AFF6DB0299CEDF900A17102 /* StatsView.swift */ = {isa = PBXFileReference; fileEncoding = 4; lastKnownFileType = sourcecode.swift; path = StatsView.swift; sourceTree = "<group>"; };
		8AFF6DB1299CEDF900A17102 /* MyPageViewController.swift */ = {isa = PBXFileReference; fileEncoding = 4; lastKnownFileType = sourcecode.swift; path = MyPageViewController.swift; sourceTree = "<group>"; };
		8AFF6DB2299CEDF900A17102 /* CountCloverView.swift */ = {isa = PBXFileReference; fileEncoding = 4; lastKnownFileType = sourcecode.swift; path = CountCloverView.swift; sourceTree = "<group>"; };
/* End PBXFileReference section */

/* Begin PBXFrameworksBuildPhase section */
		553ECDCB2966B5E5003D8EEA /* Frameworks */ = {
			isa = PBXFrameworksBuildPhase;
			buildActionMask = 2147483647;
			files = (
				58ED4063298E73A700B5DC04 /* KakaoSDKCommon in Frameworks */,
				5C20C9ED298D482000B8BB2A /* Then in Frameworks */,
				584B4A332988C9160052D5A9 /* Moya in Frameworks */,
				5C20C9EA298D47E600B8BB2A /* SnapKit in Frameworks */,
				58ED4061298E59DE00B5DC04 /* KakaoSDKUser in Frameworks */,
				8A126C5F29912DDE00F096AB /* FloatingPanel in Frameworks */,
				5C20C9E7298D478A00B8BB2A /* Charts in Frameworks */,
				5C525E2D298AC8050056CFF8 /* FSCalendar in Frameworks */,
				58ED405F298E59DE00B5DC04 /* KakaoSDKAuth in Frameworks */,
			);
			runOnlyForDeploymentPostprocessing = 0;
		};
/* End PBXFrameworksBuildPhase section */

/* Begin PBXGroup section */
		553ECDC52966B5E5003D8EEA = {
			isa = PBXGroup;
			children = (
				5CAB488B299B74E800C0FB4F /* bonheur */,
				553ECDCF2966B5E5003D8EEA /* Products */,
				5C20C9E8298D47E600B8BB2A /* Frameworks */,
			);
			sourceTree = "<group>";
		};
		553ECDCF2966B5E5003D8EEA /* Products */ = {
			isa = PBXGroup;
			children = (
				553ECDCE2966B5E5003D8EEA /* bonheur.app */,
			);
			name = Products;
			sourceTree = "<group>";
		};
		55719935299CE8EC00459855 /* HomeView */ = {
			isa = PBXGroup;
			children = (
				55719940299CE8EC00459855 /* Tag */,
				55719936299CE8EC00459855 /* Board */,
			);
			path = HomeView;
			sourceTree = "<group>";
		};
		55719936299CE8EC00459855 /* Board */ = {
			isa = PBXGroup;
			children = (
				55719937299CE8EC00459855 /* TaggedBoard */,
				5571993A299CE8EC00459855 /* CreateBoard */,
				5571993D299CE8EC00459855 /* GetTotalBoard */,
			);
			path = Board;
			sourceTree = "<group>";
		};
		55719937299CE8EC00459855 /* TaggedBoard */ = {
			isa = PBXGroup;
			children = (
				55719938299CE8EC00459855 /* TaggedBoardRequest.swift */,
				55719939299CE8EC00459855 /* TaggedBoardResponse.swift */,
			);
			path = TaggedBoard;
			sourceTree = "<group>";
		};
		5571993A299CE8EC00459855 /* CreateBoard */ = {
			isa = PBXGroup;
			children = (
				5571993B299CE8EC00459855 /* CreateBoardResponse.swift */,
				5571993C299CE8EC00459855 /* CreateBoardRequest.swift */,
			);
			path = CreateBoard;
			sourceTree = "<group>";
		};
		5571993D299CE8EC00459855 /* GetTotalBoard */ = {
			isa = PBXGroup;
			children = (
				5571993E299CE8EC00459855 /* GetTotalBoardRequest.swift */,
				5571993F299CE8EC00459855 /* GetTotalBoardResponse.swift */,
			);
			path = GetTotalBoard;
			sourceTree = "<group>";
		};
		55719940299CE8EC00459855 /* Tag */ = {
			isa = PBXGroup;
			children = (
				55719941299CE8EC00459855 /* CreateTag */,
			);
			path = Tag;
			sourceTree = "<group>";
		};
		55719941299CE8EC00459855 /* CreateTag */ = {
			isa = PBXGroup;
			children = (
				55719942299CE8EC00459855 /* CreateTagResponse.swift */,
				55719943299CE8EC00459855 /* CreateTagRequest.swift */,
			);
			path = CreateTag;
			sourceTree = "<group>";
		};
		5571994C299CE9C500459855 /* HomeView */ = {
			isa = PBXGroup;
			children = (
				5571994D299CE9C500459855 /* Board */,
				55719950299CE9C500459855 /* Tag */,
			);
			path = HomeView;
			sourceTree = "<group>";
		};
		5571994D299CE9C500459855 /* Board */ = {
			isa = PBXGroup;
			children = (
				5571994E299CE9C500459855 /* BoardAPI.swift */,
				5571994F299CE9C500459855 /* BoardService.swift */,
			);
			path = Board;
			sourceTree = "<group>";
		};
		55719950299CE9C500459855 /* Tag */ = {
			isa = PBXGroup;
			children = (
				55719951299CE9C500459855 /* TagService.swift */,
				55719952299CE9C500459855 /* TagAPI.swift */,
			);
			path = Tag;
			sourceTree = "<group>";
		};
		5C20C9E8298D47E600B8BB2A /* Frameworks */ = {
			isa = PBXGroup;
			children = (
			);
			name = Frameworks;
			sourceTree = "<group>";
		};
		5CAB488B299B74E800C0FB4F /* bonheur */ = {
			isa = PBXGroup;
			children = (
				5CAB488C299B74E800C0FB4F /* .swiftlint.yml */,
				5CAB488D299B74E800C0FB4F /* Resources */,
				5CAB489B299B74E800C0FB4F /* LaunchScreen.storyboard */,
				5CAB489D299B74E800C0FB4F /* bonheur.entitlements */,
				5CAB489E299B74E800C0FB4F /* Sources */,
				5CAB48FE299B74E800C0FB4F /* AppDelegate.swift */,
				5CAB48FF299B74E800C0FB4F /* Info.plist */,
				5CAB4900299B74E800C0FB4F /* SceneDelegate.swift */,
			);
			path = bonheur;
			sourceTree = "<group>";
		};
		5CAB488D299B74E800C0FB4F /* Resources */ = {
			isa = PBXGroup;
			children = (
				5CAB488E299B74E800C0FB4F /* Constants */,
				5CAB4893299B74E800C0FB4F /* Fonts */,
				5CAB4899299B74E800C0FB4F /* Assets */,
			);
			path = Resources;
			sourceTree = "<group>";
		};
		5CAB488E299B74E800C0FB4F /* Constants */ = {
			isa = PBXGroup;
			children = (
				5CAB488F299B74E800C0FB4F /* UserDefaultsKey.swift */,
				5CAB4890299B74E800C0FB4F /* Header.swift */,
				5CAB4891299B74E800C0FB4F /* URL.swift */,
				5CAB4892299B74E800C0FB4F /* Const.swift */,
			);
			path = Constants;
			sourceTree = "<group>";
		};
		5CAB4893299B74E800C0FB4F /* Fonts */ = {
			isa = PBXGroup;
			children = (
				5CAB4894299B74E800C0FB4F /* SF-Pro.ttf */,
				5CAB4895299B74E800C0FB4F /* NanumSquareRoundOTFB.otf */,
				5CAB4896299B74E800C0FB4F /* NanumSquareRoundOTFR.otf */,
				5CAB4897299B74E800C0FB4F /* NanumSquareRoundOTFL.otf */,
				5CAB4898299B74E800C0FB4F /* NanumSquareRoundOTFEB.otf */,
			);
			path = Fonts;
			sourceTree = "<group>";
		};
		5CAB4899299B74E800C0FB4F /* Assets */ = {
			isa = PBXGroup;
			children = (
				5CAB489A299B74E800C0FB4F /* Assets.xcassets */,
			);
			path = Assets;
			sourceTree = "<group>";
		};
		5CAB489E299B74E800C0FB4F /* Sources */ = {
			isa = PBXGroup;
			children = (
				5CAB489F299B74E800C0FB4F /* NetworkServices */,
				5CAB48A5299B74E800C0FB4F /* Models */,
				5CAB48AB299B74E800C0FB4F /* NetworkModels */,
				5CAB48B5299B74E800C0FB4F /* Extensions */,
				5CAB48BA299B74E800C0FB4F /* ViewControllers */,
				5CAB48FA299B74E800C0FB4F /* Views */,
			);
			path = Sources;
			sourceTree = "<group>";
		};
		5CAB489F299B74E800C0FB4F /* NetworkServices */ = {
			isa = PBXGroup;
			children = (
				8AFF6D99299CEDA900A17102 /* MyPage */,
				5571994C299CE9C500459855 /* HomeView */,
				5CAB48A0299B74E800C0FB4F /* Auth */,
				5CAB48A3299B74E800C0FB4F /* Plugin */,
			);
			path = NetworkServices;
			sourceTree = "<group>";
		};
		5CAB48A0299B74E800C0FB4F /* Auth */ = {
			isa = PBXGroup;
			children = (
				5CAB48A1299B74E800C0FB4F /* AuthAPI.swift */,
				5CAB48A2299B74E800C0FB4F /* AuthService.swift */,
			);
			path = Auth;
			sourceTree = "<group>";
		};
		5CAB48A3299B74E800C0FB4F /* Plugin */ = {
			isa = PBXGroup;
			children = (
				5CAB48A4299B74E800C0FB4F /* MoyaLoggerPlugin.swift */,
			);
			path = Plugin;
			sourceTree = "<group>";
		};
		5CAB48A5299B74E800C0FB4F /* Models */ = {
			isa = PBXGroup;
			children = (
				5CAB48A6299B74E800C0FB4F /* Tag */,
			);
			path = Models;
			sourceTree = "<group>";
		};
		5CAB48A6299B74E800C0FB4F /* Tag */ = {
			isa = PBXGroup;
			children = (
				5CAB48AA299B74E800C0FB4F /* Tag.swift */,
			);
			path = Tag;
			sourceTree = "<group>";
		};
		5CAB48AB299B74E800C0FB4F /* NetworkModels */ = {
			isa = PBXGroup;
			children = (
				8AFF6D94299CED9E00A17102 /* MyPage */,
				55719935299CE8EC00459855 /* HomeView */,
				5CAB48AC299B74E800C0FB4F /* Auth */,
				5CAB48B3299B74E800C0FB4F /* NetworkResult.swift */,
				5CAB48B4299B74E800C0FB4F /* GenericResponse.swift */,
			);
			path = NetworkModels;
			sourceTree = "<group>";
		};
		5CAB48AC299B74E800C0FB4F /* Auth */ = {
			isa = PBXGroup;
			children = (
				5CAB48AD299B74E800C0FB4F /* SocialSignUp */,
				5CAB48B0299B74E800C0FB4F /* Login */,
			);
			path = Auth;
			sourceTree = "<group>";
		};
		5CAB48AD299B74E800C0FB4F /* SocialSignUp */ = {
			isa = PBXGroup;
			children = (
				5CAB48AE299B74E800C0FB4F /* SocialSignUpResponse.swift */,
				5CAB48AF299B74E800C0FB4F /* SocialSignUpJSON.swift */,
			);
			path = SocialSignUp;
			sourceTree = "<group>";
		};
		5CAB48B0299B74E800C0FB4F /* Login */ = {
			isa = PBXGroup;
			children = (
				5CAB48B1299B74E800C0FB4F /* LoginRequest.swift */,
				5CAB48B2299B74E800C0FB4F /* LoginResponse.swift */,
			);
			path = Login;
			sourceTree = "<group>";
		};
		5CAB48B5299B74E800C0FB4F /* Extensions */ = {
			isa = PBXGroup;
			children = (
				5CAB48B6299B74E800C0FB4F /* Constant.swift */,
				5CAB48B7299B74E800C0FB4F /* UIViewController+Extension.swift */,
				5CAB48B8299B74E800C0FB4F /* FloatingPanelController+Extension.swift */,
				5CAB48B9299B74E800C0FB4F /* UITextField+Extension.swift */,
			);
			path = Extensions;
			sourceTree = "<group>";
		};
		5CAB48BA299B74E800C0FB4F /* ViewControllers */ = {
			isa = PBXGroup;
			children = (
				8AFF6D9E299CEDF900A17102 /* MyPageView */,
				5CAB48BB299B74E800C0FB4F /* SingleDetailView */,
				5CAB48C0299B74E800C0FB4F /* WritingView */,
				5CAB48C5299B74E800C0FB4F /* CalendarView */,
				5CAB48CB299B74E800C0FB4F /* HomeView */,
				5CAB48D9299B74E800C0FB4F /* TagModalView */,
				5CAB48F2299B74E800C0FB4F /* LoginView */,
				5CAB48F9299B74E800C0FB4F /* TabBarController.swift */,
			);
			path = ViewControllers;
			sourceTree = "<group>";
		};
		5CAB48BB299B74E800C0FB4F /* SingleDetailView */ = {
			isa = PBXGroup;
			children = (
				5CAB48BC299B74E800C0FB4F /* DetailImageViewController.swift */,
				5CAB48BD299B74E800C0FB4F /* SingleDetailViewController.swift */,
				5CAB48BE299B74E800C0FB4F /* BottomSheetView.swift */,
				5CAB48BF299B74E800C0FB4F /* SingleDetailBottomSheetViewController.swift */,
			);
			path = SingleDetailView;
			sourceTree = "<group>";
		};
		5CAB48C0299B74E800C0FB4F /* WritingView */ = {
			isa = PBXGroup;
			children = (
				5CAB48C1299B74E800C0FB4F /* WritingImageCollectionViewCell.swift */,
				5CAB48C2299B74E800C0FB4F /* WritingViewController.swift */,
				5CAB48C3299B74E800C0FB4F /* WritingViewController+TextViewDelegate.swift */,
				5CAB48C4299B74E800C0FB4F /* WritingViewController+DataSource.swift */,
			);
			path = WritingView;
			sourceTree = "<group>";
		};
		5CAB48C5299B74E800C0FB4F /* CalendarView */ = {
			isa = PBXGroup;
			children = (
				5CAB48C6299B74E800C0FB4F /* CalendarAPI.swift */,
				5CAB48C8299B74E800C0FB4F /* Extension.swift */,
				5CAB48C9299B74E800C0FB4F /* CalendarViewController.swift */,
				5CAB48C7299B74E800C0FB4F /* BonheurCalendarApiService.swift */,
				5CAB48CA299B74E800C0FB4F /* CalendarViewDataResponse.swift */,
				5C1B2061299CDA72007BCA2A /* CalendarPostingCollectionViewCell.swift */,
			);
			path = CalendarView;
			sourceTree = "<group>";
		};
		5CAB48CB299B74E800C0FB4F /* HomeView */ = {
			isa = PBXGroup;
			children = (
				5CAB48CC299B74E800C0FB4F /* CollectionView */,
				5CAB48D2299B74E800C0FB4F /* DeleteView */,
				5CAB48D7299B74E800C0FB4F /* HomeViewController.swift */,
				5CAB48D8299B74E800C0FB4F /* HomeSortStackView.swift */,
			);
			path = HomeView;
			sourceTree = "<group>";
		};
		5CAB48CC299B74E800C0FB4F /* CollectionView */ = {
			isa = PBXGroup;
			children = (
				5CAB48CD299B74E800C0FB4F /* HomePostingCollectionViewCell.swift */,
				5CAB48CE299B74E800C0FB4F /* HomeViewController+DelegateFlowLayout .swift */,
				5CAB48CF299B74E800C0FB4F /* HomeViewController+DataSource.swift */,
				5CAB48D0299B74E800C0FB4F /* Header */,
			);
			path = CollectionView;
			sourceTree = "<group>";
		};
		5CAB48D0299B74E800C0FB4F /* Header */ = {
			isa = PBXGroup;
			children = (
				5CAB48D1299B74E800C0FB4F /* HomeCollectionViewHeader.swift */,
			);
			path = Header;
			sourceTree = "<group>";
		};
		5CAB48D2299B74E800C0FB4F /* DeleteView */ = {
			isa = PBXGroup;
			children = (
				5CAB48D3299B74E800C0FB4F /* PostingDeletePopUpView.swift */,
				5CAB48D4299B74E800C0FB4F /* DeleteCompletionView.swift */,
				5CAB48D5299B74E800C0FB4F /* PostingEditPopUpViewController.swift */,
				5CAB48D6299B74E800C0FB4F /* PostingEditPopUpView.swift */,
			);
			path = DeleteView;
			sourceTree = "<group>";
		};
		5CAB48D9299B74E800C0FB4F /* TagModalView */ = {
			isa = PBXGroup;
			children = (
				5CAB48DA299B74E800C0FB4F /* TagSelectModalViewController.swift */,
				5CAB48DB299B74E800C0FB4F /* SelectedTagStackView.swift */,
				5CAB48DC299B74E800C0FB4F /* RecentTagStackView.swift */,
			);
			path = TagModalView;
			sourceTree = "<group>";
		};
		5CAB48F2299B74E800C0FB4F /* LoginView */ = {
			isa = PBXGroup;
			children = (
				5CAB48F3299B74E800C0FB4F /* ProfileSetting */,
				5CAB48F5299B74E800C0FB4F /* EmailStackView.swift */,
				5CAB48F6299B74E800C0FB4F /* OAuthStackView.swift */,
				5CAB48F7299B74E800C0FB4F /* TitleStackView.swift */,
				5CAB48F8299B74E800C0FB4F /* LoginViewController.swift */,
			);
			path = LoginView;
			sourceTree = "<group>";
		};
		5CAB48F3299B74E800C0FB4F /* ProfileSetting */ = {
			isa = PBXGroup;
			children = (
				5CAB48F4299B74E800C0FB4F /* ProfileSettingViewController.swift */,
			);
			path = ProfileSetting;
			sourceTree = "<group>";
		};
		5CAB48FA299B74E800C0FB4F /* Views */ = {
			isa = PBXGroup;
			children = (
				5CAB48FB299B74E800C0FB4F /* Global */,
			);
			path = Views;
			sourceTree = "<group>";
		};
		5CAB48FB299B74E800C0FB4F /* Global */ = {
			isa = PBXGroup;
			children = (
				5CAB48FC299B74E800C0FB4F /* TagLabel.swift */,
				5CAB48FD299B74E800C0FB4F /* DividerUIView.swift */,
			);
			path = Global;
			sourceTree = "<group>";
		};
		8AFF6D94299CED9E00A17102 /* MyPage */ = {
			isa = PBXGroup;
			children = (
				8AFF6D95299CED9E00A17102 /* MyPageResponse.swift */,
				8AFF6D96299CED9E00A17102 /* MyPageRequest.swift */,
			);
			path = MyPage;
			sourceTree = "<group>";
		};
		8AFF6D99299CEDA900A17102 /* MyPage */ = {
			isa = PBXGroup;
			children = (
				8AFF6D9A299CEDA900A17102 /* MyPageService.swift */,
				8AFF6D9B299CEDA900A17102 /* MyPageApi.swift */,
			);
			path = MyPage;
			sourceTree = "<group>";
		};
		8AFF6D9E299CEDF900A17102 /* MyPageView */ = {
			isa = PBXGroup;
			children = (
				8AFF6D9F299CEDF900A17102 /* SettingView */,
				8AFF6DA7299CEDF900A17102 /* NicknameView.swift */,
				8AFF6DA8299CEDF900A17102 /* EditProfileView */,
				8AFF6DB0299CEDF900A17102 /* StatsView.swift */,
				8AFF6DB1299CEDF900A17102 /* MyPageViewController.swift */,
				8AFF6DB2299CEDF900A17102 /* CountCloverView.swift */,
			);
			path = MyPageView;
			sourceTree = "<group>";
		};
		8AFF6D9F299CEDF900A17102 /* SettingView */ = {
			isa = PBXGroup;
			children = (
				8AFF6DA0299CEDF900A17102 /* SettingViewController.swift */,
				8AFF6DA1299CEDF900A17102 /* InSetting */,
				8AFF6DA6299CEDF900A17102 /* SettingView.swift */,
			);
			path = SettingView;
			sourceTree = "<group>";
		};
		8AFF6DA1299CEDF900A17102 /* InSetting */ = {
			isa = PBXGroup;
			children = (
				8AFF6DA2299CEDF900A17102 /* NotificationSettingTableViewCell.swift */,
				8AFF6DA3299CEDF900A17102 /* IntroduceDeveloperViewController.swift */,
				8AFF6DA4299CEDF900A17102 /* NotificationSettingViewController.swift */,
				8AFF6DA5299CEDF900A17102 /* IntroduceDeveloperView.swift */,
			);
			path = InSetting;
			sourceTree = "<group>";
		};
		8AFF6DA8299CEDF900A17102 /* EditProfileView */ = {
			isa = PBXGroup;
			children = (
				8AFF6DA9299CEDF900A17102 /* EditProfileView.swift */,
				8AFF6DAA299CEDF900A17102 /* EditProfileViewController.swift */,
				8AFF6DAB299CEDF900A17102 /* InStats */,
			);
			path = EditProfileView;
			sourceTree = "<group>";
		};
		8AFF6DAB299CEDF900A17102 /* InStats */ = {
			isa = PBXGroup;
			children = (
				8AFF6DAC299CEDF900A17102 /* StatsByMonthView.swift */,
				8AFF6DAD299CEDF900A17102 /* StatsByHourView.swift */,
				8AFF6DAE299CEDF900A17102 /* StatsByTagView.swift */,
				8AFF6DAF299CEDF900A17102 /* StatsByDayOfTheWeekView.swift */,
			);
			path = InStats;
			sourceTree = "<group>";
		};
/* End PBXGroup section */

/* Begin PBXNativeTarget section */
		553ECDCD2966B5E5003D8EEA /* bonheur */ = {
			isa = PBXNativeTarget;
			buildConfigurationList = 553ECDE22966B5E7003D8EEA /* Build configuration list for PBXNativeTarget "bonheur" */;
			buildPhases = (
				55BBCF782968ED1A009D56E6 /* ShellScript */,
				553ECDCA2966B5E5003D8EEA /* Sources */,
				553ECDCB2966B5E5003D8EEA /* Frameworks */,
				553ECDCC2966B5E5003D8EEA /* Resources */,
			);
			buildRules = (
			);
			dependencies = (
			);
			name = bonheur;
			packageProductDependencies = (
				584B4A322988C9160052D5A9 /* Moya */,
				5C525E2C298AC8050056CFF8 /* FSCalendar */,
				5C20C9E6298D478A00B8BB2A /* Charts */,
				5C20C9E9298D47E600B8BB2A /* SnapKit */,
				5C20C9EC298D482000B8BB2A /* Then */,
				58ED405E298E59DE00B5DC04 /* KakaoSDKAuth */,
				58ED4060298E59DE00B5DC04 /* KakaoSDKUser */,
				58ED4062298E73A700B5DC04 /* KakaoSDKCommon */,
				8A126C5E29912DDE00F096AB /* FloatingPanel */,
			);
			productName = bonheur;
			productReference = 553ECDCE2966B5E5003D8EEA /* bonheur.app */;
			productType = "com.apple.product-type.application";
		};
/* End PBXNativeTarget section */

/* Begin PBXProject section */
		553ECDC62966B5E5003D8EEA /* Project object */ = {
			isa = PBXProject;
			attributes = {
				BuildIndependentTargetsInParallel = 1;
				LastSwiftUpdateCheck = 1400;
				LastUpgradeCheck = 1400;
				TargetAttributes = {
					553ECDCD2966B5E5003D8EEA = {
						CreatedOnToolsVersion = 14.0;
					};
				};
			};
			buildConfigurationList = 553ECDC92966B5E5003D8EEA /* Build configuration list for PBXProject "bonheur" */;
			compatibilityVersion = "Xcode 14.0";
			developmentRegion = en;
			hasScannedForEncodings = 0;
			knownRegions = (
				en,
				Base,
			);
			mainGroup = 553ECDC52966B5E5003D8EEA;
			packageReferences = (
				559874742966BAE400A679C4 /* XCRemoteSwiftPackageReference "SnapKit" */,
				584B4A312988C9160052D5A9 /* XCRemoteSwiftPackageReference "Moya" */,
				5C525E2B298AC8050056CFF8 /* XCRemoteSwiftPackageReference "FSCalendar" */,
				5C20C9E5298D478A00B8BB2A /* XCRemoteSwiftPackageReference "Charts" */,
				5C20C9EB298D482000B8BB2A /* XCRemoteSwiftPackageReference "Then" */,
				58ED405D298E59DE00B5DC04 /* XCRemoteSwiftPackageReference "kakao-ios-sdk" */,
				8A126C5D29912DDE00F096AB /* XCRemoteSwiftPackageReference "FloatingPanel" */,
			);
			productRefGroup = 553ECDCF2966B5E5003D8EEA /* Products */;
			projectDirPath = "";
			projectRoot = "";
			targets = (
				553ECDCD2966B5E5003D8EEA /* bonheur */,
			);
		};
/* End PBXProject section */

/* Begin PBXResourcesBuildPhase section */
		553ECDCC2966B5E5003D8EEA /* Resources */ = {
			isa = PBXResourcesBuildPhase;
			buildActionMask = 2147483647;
			files = (
				5CAB490A299B74E800C0FB4F /* NanumSquareRoundOTFEB.otf in Resources */,
				5CAB490C299B74E800C0FB4F /* LaunchScreen.storyboard in Resources */,
				5CAB4907299B74E800C0FB4F /* NanumSquareRoundOTFB.otf in Resources */,
				5CAB4909299B74E800C0FB4F /* NanumSquareRoundOTFL.otf in Resources */,
				5CAB4901299B74E800C0FB4F /* .swiftlint.yml in Resources */,
				5CAB490B299B74E800C0FB4F /* Assets.xcassets in Resources */,
				5CAB4908299B74E800C0FB4F /* NanumSquareRoundOTFR.otf in Resources */,
				5CAB4906299B74E800C0FB4F /* SF-Pro.ttf in Resources */,
			);
			runOnlyForDeploymentPostprocessing = 0;
		};
/* End PBXResourcesBuildPhase section */

/* Begin PBXShellScriptBuildPhase section */
		55BBCF782968ED1A009D56E6 /* ShellScript */ = {
			isa = PBXShellScriptBuildPhase;
			buildActionMask = 2147483647;
			files = (
			);
			inputFileListPaths = (
			);
			inputPaths = (
			);
			outputFileListPaths = (
			);
			outputPaths = (
			);
			runOnlyForDeploymentPostprocessing = 0;
			shellPath = /bin/sh;
			shellScript = "# Type a script or drag a script file from your workspace to insert its path.\nexport PATH=\"$PATH:/opt/homebrew/bin\"\nif which swiftlint > /dev/null; then\n  swiftlint\nelse\n  echo \"warning: SwiftLint not installed, download from https://github.com/realm/SwiftLint\"\nfi\n";
		};
/* End PBXShellScriptBuildPhase section */

/* Begin PBXSourcesBuildPhase section */
		553ECDCA2966B5E5003D8EEA /* Sources */ = {
			isa = PBXSourcesBuildPhase;
			buildActionMask = 2147483647;
			files = (
				8AFF6D9C299CEDA900A17102 /* MyPageService.swift in Sources */,
				5CAB492A299B74E900C0FB4F /* HomePostingCollectionViewCell.swift in Sources */,
				5CAB4935299B74E900C0FB4F /* SelectedTagStackView.swift in Sources */,
				5CAB4934299B74E900C0FB4F /* TagSelectModalViewController.swift in Sources */,
				5CAB494A299B74E900C0FB4F /* TitleStackView.swift in Sources */,
				5CAB4949299B74E900C0FB4F /* OAuthStackView.swift in Sources */,
				5CAB492E299B74E900C0FB4F /* PostingDeletePopUpView.swift in Sources */,
				5CAB491A299B74E800C0FB4F /* UIViewController+Extension.swift in Sources */,
				5CAB4903299B74E800C0FB4F /* Header.swift in Sources */,
				5CAB491B299B74E800C0FB4F /* FloatingPanelController+Extension.swift in Sources */,
				8AFF6DC1299CEDF900A17102 /* MyPageViewController.swift in Sources */,
				5CAB4932299B74E900C0FB4F /* HomeViewController.swift in Sources */,
				8AFF6DBD299CEDF900A17102 /* StatsByHourView.swift in Sources */,
				5CAB4919299B74E800C0FB4F /* Constant.swift in Sources */,
				5C1B2062299CDA72007BCA2A /* CalendarPostingCollectionViewCell.swift in Sources */,
				5CAB4939299B74E900C0FB4F /* IntroduceDeveloperViewController.swift in Sources */,
				55719944299CE8EC00459855 /* TaggedBoardRequest.swift in Sources */,
				5CAB4915299B74E800C0FB4F /* LoginRequest.swift in Sources */,
				55719946299CE8EC00459855 /* CreateBoardResponse.swift in Sources */,
				8AFF6DBB299CEDF900A17102 /* EditProfileViewController.swift in Sources */,
				5CAB494B299B74E900C0FB4F /* LoginViewController.swift in Sources */,
				5CAB491C299B74E800C0FB4F /* UITextField+Extension.swift in Sources */,
				5CAB4927299B74E900C0FB4F /* Extension.swift in Sources */,
				5CAB4925299B74E900C0FB4F /* CalendarAPI.swift in Sources */,
				5571994B299CE8EC00459855 /* CreateTagRequest.swift in Sources */,
				5CAB4912299B74E800C0FB4F /* Tag.swift in Sources */,
				5CAB4930299B74E900C0FB4F /* PostingEditPopUpViewController.swift in Sources */,
				5CAB4923299B74E900C0FB4F /* WritingViewController+TextViewDelegate.swift in Sources */,
				5CAB490D299B74E800C0FB4F /* AuthAPI.swift in Sources */,
				8AFF6DBA299CEDF900A17102 /* EditProfileView.swift in Sources */,
				8AFF6D97299CED9E00A17102 /* MyPageResponse.swift in Sources */,
				55719956299CE9C500459855 /* TagAPI.swift in Sources */,
				5CAB4914299B74E800C0FB4F /* SocialSignUpJSON.swift in Sources */,
				5CAB491E299B74E800C0FB4F /* SingleDetailViewController.swift in Sources */,
				5CAB4917299B74E800C0FB4F /* NetworkResult.swift in Sources */,
				8AFF6DB8299CEDF900A17102 /* SettingView.swift in Sources */,
				5CAB4926299B74E900C0FB4F /* BonheurCalendarApiService.swift in Sources */,
				5CAB4928299B74E900C0FB4F /* CalendarViewController.swift in Sources */,
				55719949299CE8EC00459855 /* GetTotalBoardResponse.swift in Sources */,
				5CAB4933299B74E900C0FB4F /* HomeSortStackView.swift in Sources */,
				5CAB4916299B74E800C0FB4F /* LoginResponse.swift in Sources */,
				5CAB491D299B74E800C0FB4F /* DetailImageViewController.swift in Sources */,
				8AFF6D98299CED9E00A17102 /* MyPageRequest.swift in Sources */,
				8AFF6DBF299CEDF900A17102 /* StatsByDayOfTheWeekView.swift in Sources */,
				5CAB492C299B74E900C0FB4F /* HomeViewController+DataSource.swift in Sources */,
				55719953299CE9C500459855 /* BoardAPI.swift in Sources */,
				5CAB491F299B74E800C0FB4F /* BottomSheetView.swift in Sources */,
				5CAB494F299B74E900C0FB4F /* AppDelegate.swift in Sources */,
				8AFF6DB9299CEDF900A17102 /* NicknameView.swift in Sources */,
				8AFF6DBC299CEDF900A17102 /* StatsByMonthView.swift in Sources */,
				8AFF6DBE299CEDF900A17102 /* StatsByTagView.swift in Sources */,
				5CAB494D299B74E900C0FB4F /* TagLabel.swift in Sources */,
				55719948299CE8EC00459855 /* GetTotalBoardRequest.swift in Sources */,
				5CAB4905299B74E800C0FB4F /* Const.swift in Sources */,
				5CAB4948299B74E900C0FB4F /* EmailStackView.swift in Sources */,
				5CAB4936299B74E900C0FB4F /* RecentTagStackView.swift in Sources */,
				55719945299CE8EC00459855 /* TaggedBoardResponse.swift in Sources */,
				5CAB4951299B74E900C0FB4F /* SceneDelegate.swift in Sources */,
				8AFF6DB7299CEDF900A17102 /* IntroduceDeveloperView.swift in Sources */,
				8AFF6DB5299CEDF900A17102 /* IntroduceDeveloperViewController.swift in Sources */,
				55719954299CE9C500459855 /* BoardService.swift in Sources */,
				5CAB4920299B74E800C0FB4F /* SingleDetailBottomSheetViewController.swift in Sources */,
				8AFF6DB4299CEDF900A17102 /* NotificationSettingTableViewCell.swift in Sources */,
				5CAB4931299B74E900C0FB4F /* PostingEditPopUpView.swift in Sources */,
				5CAB4924299B74E900C0FB4F /* WritingViewController+DataSource.swift in Sources */,
				8AFF6DC2299CEDF900A17102 /* CountCloverView.swift in Sources */,
				5571994A299CE8EC00459855 /* CreateTagResponse.swift in Sources */,
				8AFF6DB3299CEDF900A17102 /* SettingViewController.swift in Sources */,
				5CAB490E299B74E800C0FB4F /* AuthService.swift in Sources */,
				5CAB4913299B74E800C0FB4F /* SocialSignUpResponse.swift in Sources */,
				5CAB492F299B74E900C0FB4F /* DeleteCompletionView.swift in Sources */,
				5CAB4902299B74E800C0FB4F /* UserDefaultsKey.swift in Sources */,
				8AFF6DC0299CEDF900A17102 /* StatsView.swift in Sources */,
				55719947299CE8EC00459855 /* CreateBoardRequest.swift in Sources */,
				5CAB4918299B74E800C0FB4F /* GenericResponse.swift in Sources */,
				5CAB4929299B74E900C0FB4F /* CalendarViewDataResponse.swift in Sources */,
				5CAB4904299B74E800C0FB4F /* URL.swift in Sources */,
				5CAB494E299B74E900C0FB4F /* DividerUIView.swift in Sources */,
				5CAB494C299B74E900C0FB4F /* TabBarController.swift in Sources */,
				5CAB490F299B74E800C0FB4F /* MoyaLoggerPlugin.swift in Sources */,
				5CAB492B299B74E900C0FB4F /* HomeViewController+DelegateFlowLayout .swift in Sources */,
				5CAB4921299B74E800C0FB4F /* WritingImageCollectionViewCell.swift in Sources */,
				8AFF6DB6299CEDF900A17102 /* NotificationSettingViewController.swift in Sources */,
				5CAB492D299B74E900C0FB4F /* HomeCollectionViewHeader.swift in Sources */,
				5CAB4922299B74E900C0FB4F /* WritingViewController.swift in Sources */,
				8AFF6D9D299CEDA900A17102 /* MyPageApi.swift in Sources */,
				5CAB4947299B74E900C0FB4F /* ProfileSettingViewController.swift in Sources */,
				55719955299CE9C500459855 /* TagService.swift in Sources */,
			);
			runOnlyForDeploymentPostprocessing = 0;
		};
/* End PBXSourcesBuildPhase section */

/* Begin PBXVariantGroup section */
		5CAB489B299B74E800C0FB4F /* LaunchScreen.storyboard */ = {
			isa = PBXVariantGroup;
			children = (
				5CAB489C299B74E800C0FB4F /* Base */,
			);
			name = LaunchScreen.storyboard;
			sourceTree = "<group>";
		};
/* End PBXVariantGroup section */

/* Begin XCBuildConfiguration section */
		553ECDE02966B5E7003D8EEA /* Debug */ = {
			isa = XCBuildConfiguration;
			buildSettings = {
				ALWAYS_SEARCH_USER_PATHS = NO;
				CLANG_ANALYZER_NONNULL = YES;
				CLANG_ANALYZER_NUMBER_OBJECT_CONVERSION = YES_AGGRESSIVE;
				CLANG_CXX_LANGUAGE_STANDARD = "gnu++20";
				CLANG_ENABLE_MODULES = YES;
				CLANG_ENABLE_OBJC_ARC = YES;
				CLANG_ENABLE_OBJC_WEAK = YES;
				CLANG_WARN_BLOCK_CAPTURE_AUTORELEASING = YES;
				CLANG_WARN_BOOL_CONVERSION = YES;
				CLANG_WARN_COMMA = YES;
				CLANG_WARN_CONSTANT_CONVERSION = YES;
				CLANG_WARN_DEPRECATED_OBJC_IMPLEMENTATIONS = YES;
				CLANG_WARN_DIRECT_OBJC_ISA_USAGE = YES_ERROR;
				CLANG_WARN_DOCUMENTATION_COMMENTS = YES;
				CLANG_WARN_EMPTY_BODY = YES;
				CLANG_WARN_ENUM_CONVERSION = YES;
				CLANG_WARN_INFINITE_RECURSION = YES;
				CLANG_WARN_INT_CONVERSION = YES;
				CLANG_WARN_NON_LITERAL_NULL_CONVERSION = YES;
				CLANG_WARN_OBJC_IMPLICIT_RETAIN_SELF = YES;
				CLANG_WARN_OBJC_LITERAL_CONVERSION = YES;
				CLANG_WARN_OBJC_ROOT_CLASS = YES_ERROR;
				CLANG_WARN_QUOTED_INCLUDE_IN_FRAMEWORK_HEADER = YES;
				CLANG_WARN_RANGE_LOOP_ANALYSIS = YES;
				CLANG_WARN_STRICT_PROTOTYPES = YES;
				CLANG_WARN_SUSPICIOUS_MOVE = YES;
				CLANG_WARN_UNGUARDED_AVAILABILITY = YES_AGGRESSIVE;
				CLANG_WARN_UNREACHABLE_CODE = YES;
				CLANG_WARN__DUPLICATE_METHOD_MATCH = YES;
				COPY_PHASE_STRIP = NO;
				DEBUG_INFORMATION_FORMAT = dwarf;
				ENABLE_STRICT_OBJC_MSGSEND = YES;
				ENABLE_TESTABILITY = YES;
				GCC_C_LANGUAGE_STANDARD = gnu11;
				GCC_DYNAMIC_NO_PIC = NO;
				GCC_NO_COMMON_BLOCKS = YES;
				GCC_OPTIMIZATION_LEVEL = 0;
				GCC_PREPROCESSOR_DEFINITIONS = (
					"DEBUG=1",
					"$(inherited)",
				);
				GCC_WARN_64_TO_32_BIT_CONVERSION = YES;
				GCC_WARN_ABOUT_RETURN_TYPE = YES_ERROR;
				GCC_WARN_UNDECLARED_SELECTOR = YES;
				GCC_WARN_UNINITIALIZED_AUTOS = YES_AGGRESSIVE;
				GCC_WARN_UNUSED_FUNCTION = YES;
				GCC_WARN_UNUSED_VARIABLE = YES;
				IPHONEOS_DEPLOYMENT_TARGET = 16.0;
				MTL_ENABLE_DEBUG_INFO = INCLUDE_SOURCE;
				MTL_FAST_MATH = YES;
				ONLY_ACTIVE_ARCH = YES;
				SDKROOT = iphoneos;
				SWIFT_ACTIVE_COMPILATION_CONDITIONS = DEBUG;
				SWIFT_OPTIMIZATION_LEVEL = "-Onone";
			};
			name = Debug;
		};
		553ECDE12966B5E7003D8EEA /* Release */ = {
			isa = XCBuildConfiguration;
			buildSettings = {
				ALWAYS_SEARCH_USER_PATHS = NO;
				CLANG_ANALYZER_NONNULL = YES;
				CLANG_ANALYZER_NUMBER_OBJECT_CONVERSION = YES_AGGRESSIVE;
				CLANG_CXX_LANGUAGE_STANDARD = "gnu++20";
				CLANG_ENABLE_MODULES = YES;
				CLANG_ENABLE_OBJC_ARC = YES;
				CLANG_ENABLE_OBJC_WEAK = YES;
				CLANG_WARN_BLOCK_CAPTURE_AUTORELEASING = YES;
				CLANG_WARN_BOOL_CONVERSION = YES;
				CLANG_WARN_COMMA = YES;
				CLANG_WARN_CONSTANT_CONVERSION = YES;
				CLANG_WARN_DEPRECATED_OBJC_IMPLEMENTATIONS = YES;
				CLANG_WARN_DIRECT_OBJC_ISA_USAGE = YES_ERROR;
				CLANG_WARN_DOCUMENTATION_COMMENTS = YES;
				CLANG_WARN_EMPTY_BODY = YES;
				CLANG_WARN_ENUM_CONVERSION = YES;
				CLANG_WARN_INFINITE_RECURSION = YES;
				CLANG_WARN_INT_CONVERSION = YES;
				CLANG_WARN_NON_LITERAL_NULL_CONVERSION = YES;
				CLANG_WARN_OBJC_IMPLICIT_RETAIN_SELF = YES;
				CLANG_WARN_OBJC_LITERAL_CONVERSION = YES;
				CLANG_WARN_OBJC_ROOT_CLASS = YES_ERROR;
				CLANG_WARN_QUOTED_INCLUDE_IN_FRAMEWORK_HEADER = YES;
				CLANG_WARN_RANGE_LOOP_ANALYSIS = YES;
				CLANG_WARN_STRICT_PROTOTYPES = YES;
				CLANG_WARN_SUSPICIOUS_MOVE = YES;
				CLANG_WARN_UNGUARDED_AVAILABILITY = YES_AGGRESSIVE;
				CLANG_WARN_UNREACHABLE_CODE = YES;
				CLANG_WARN__DUPLICATE_METHOD_MATCH = YES;
				COPY_PHASE_STRIP = NO;
				DEBUG_INFORMATION_FORMAT = "dwarf-with-dsym";
				ENABLE_NS_ASSERTIONS = NO;
				ENABLE_STRICT_OBJC_MSGSEND = YES;
				GCC_C_LANGUAGE_STANDARD = gnu11;
				GCC_NO_COMMON_BLOCKS = YES;
				GCC_WARN_64_TO_32_BIT_CONVERSION = YES;
				GCC_WARN_ABOUT_RETURN_TYPE = YES_ERROR;
				GCC_WARN_UNDECLARED_SELECTOR = YES;
				GCC_WARN_UNINITIALIZED_AUTOS = YES_AGGRESSIVE;
				GCC_WARN_UNUSED_FUNCTION = YES;
				GCC_WARN_UNUSED_VARIABLE = YES;
				IPHONEOS_DEPLOYMENT_TARGET = 16.0;
				MTL_ENABLE_DEBUG_INFO = NO;
				MTL_FAST_MATH = YES;
				SDKROOT = iphoneos;
				SWIFT_COMPILATION_MODE = wholemodule;
				SWIFT_OPTIMIZATION_LEVEL = "-O";
				VALIDATE_PRODUCT = YES;
			};
			name = Release;
		};
		553ECDE32966B5E7003D8EEA /* Debug */ = {
			isa = XCBuildConfiguration;
			buildSettings = {
				ASSETCATALOG_COMPILER_APPICON_NAME = AppIcon;
				ASSETCATALOG_COMPILER_GLOBAL_ACCENT_COLOR_NAME = AccentColor;
				CODE_SIGN_ENTITLEMENTS = bonheur/bonheur.entitlements;
				CODE_SIGN_IDENTITY = "Apple Development";
				"CODE_SIGN_IDENTITY[sdk=iphoneos*]" = "iPhone Developer";
				CODE_SIGN_STYLE = Manual;
				CURRENT_PROJECT_VERSION = 1;
				DEVELOPMENT_TEAM = "";
				"DEVELOPMENT_TEAM[sdk=iphoneos*]" = KSR8K3JPUM;
				GENERATE_INFOPLIST_FILE = YES;
				INFOPLIST_FILE = bonheur/Info.plist;
				INFOPLIST_KEY_UIApplicationSupportsIndirectInputEvents = YES;
				INFOPLIST_KEY_UILaunchStoryboardName = LaunchScreen;
				INFOPLIST_KEY_UISupportedInterfaceOrientations = UIInterfaceOrientationPortrait;
				INFOPLIST_KEY_UISupportedInterfaceOrientations_iPad = "UIInterfaceOrientationLandscapeLeft UIInterfaceOrientationLandscapeRight UIInterfaceOrientationPortrait UIInterfaceOrientationPortraitUpsideDown";
				IPHONEOS_DEPLOYMENT_TARGET = 15.0;
				LD_RUNPATH_SEARCH_PATHS = (
					"$(inherited)",
					"@executable_path/Frameworks",
				);
				MARKETING_VERSION = 1.0;
				OTHER_LDFLAGS = "-all_load";
				PRODUCT_BUNDLE_IDENTIFIER = com.bonheur.apps;
				PRODUCT_NAME = "$(TARGET_NAME)";
				PROVISIONING_PROFILE_SPECIFIER = "";
				"PROVISIONING_PROFILE_SPECIFIER[sdk=iphoneos*]" = "bonheur-develop";
				SUPPORTED_PLATFORMS = "iphoneos iphonesimulator";
				SUPPORTS_MACCATALYST = NO;
				SUPPORTS_MAC_DESIGNED_FOR_IPHONE_IPAD = NO;
				SWIFT_EMIT_LOC_STRINGS = YES;
				SWIFT_VERSION = 5.0;
				TARGETED_DEVICE_FAMILY = 1;
			};
			name = Debug;
		};
		553ECDE42966B5E7003D8EEA /* Release */ = {
			isa = XCBuildConfiguration;
			buildSettings = {
				ASSETCATALOG_COMPILER_APPICON_NAME = AppIcon;
				ASSETCATALOG_COMPILER_GLOBAL_ACCENT_COLOR_NAME = AccentColor;
				CODE_SIGN_ENTITLEMENTS = bonheur/bonheur.entitlements;
				CODE_SIGN_IDENTITY = "Apple Development";
				"CODE_SIGN_IDENTITY[sdk=iphoneos*]" = "iPhone Developer";
				CODE_SIGN_STYLE = Manual;
				CURRENT_PROJECT_VERSION = 1;
				DEVELOPMENT_TEAM = "";
				"DEVELOPMENT_TEAM[sdk=iphoneos*]" = KSR8K3JPUM;
				GENERATE_INFOPLIST_FILE = YES;
				INFOPLIST_FILE = bonheur/Info.plist;
				INFOPLIST_KEY_UIApplicationSupportsIndirectInputEvents = YES;
				INFOPLIST_KEY_UILaunchStoryboardName = LaunchScreen;
				INFOPLIST_KEY_UISupportedInterfaceOrientations = UIInterfaceOrientationPortrait;
				INFOPLIST_KEY_UISupportedInterfaceOrientations_iPad = "UIInterfaceOrientationLandscapeLeft UIInterfaceOrientationLandscapeRight UIInterfaceOrientationPortrait UIInterfaceOrientationPortraitUpsideDown";
				IPHONEOS_DEPLOYMENT_TARGET = 15.0;
				LD_RUNPATH_SEARCH_PATHS = (
					"$(inherited)",
					"@executable_path/Frameworks",
				);
				MARKETING_VERSION = 1.0;
				OTHER_LDFLAGS = "-all_load";
				PRODUCT_BUNDLE_IDENTIFIER = com.bonheur.apps;
				PRODUCT_NAME = "$(TARGET_NAME)";
				PROVISIONING_PROFILE_SPECIFIER = "";
				"PROVISIONING_PROFILE_SPECIFIER[sdk=iphoneos*]" = "bonheur-develop";
				SUPPORTED_PLATFORMS = "iphoneos iphonesimulator";
				SUPPORTS_MACCATALYST = NO;
				SUPPORTS_MAC_DESIGNED_FOR_IPHONE_IPAD = NO;
				SWIFT_EMIT_LOC_STRINGS = YES;
				SWIFT_VERSION = 5.0;
				TARGETED_DEVICE_FAMILY = 1;
			};
			name = Release;
		};
/* End XCBuildConfiguration section */

/* Begin XCConfigurationList section */
		553ECDC92966B5E5003D8EEA /* Build configuration list for PBXProject "bonheur" */ = {
			isa = XCConfigurationList;
			buildConfigurations = (
				553ECDE02966B5E7003D8EEA /* Debug */,
				553ECDE12966B5E7003D8EEA /* Release */,
			);
			defaultConfigurationIsVisible = 0;
			defaultConfigurationName = Release;
		};
		553ECDE22966B5E7003D8EEA /* Build configuration list for PBXNativeTarget "bonheur" */ = {
			isa = XCConfigurationList;
			buildConfigurations = (
				553ECDE32966B5E7003D8EEA /* Debug */,
				553ECDE42966B5E7003D8EEA /* Release */,
			);
			defaultConfigurationIsVisible = 0;
			defaultConfigurationName = Release;
		};
/* End XCConfigurationList section */

/* Begin XCRemoteSwiftPackageReference section */
		559874742966BAE400A679C4 /* XCRemoteSwiftPackageReference "SnapKit" */ = {
			isa = XCRemoteSwiftPackageReference;
			repositoryURL = "https://github.com/SnapKit/SnapKit";
			requirement = {
				kind = upToNextMajorVersion;
				minimumVersion = 5.0.0;
			};
		};
		584B4A312988C9160052D5A9 /* XCRemoteSwiftPackageReference "Moya" */ = {
			isa = XCRemoteSwiftPackageReference;
			repositoryURL = "https://github.com/Moya/Moya";
			requirement = {
				branch = master;
				kind = branch;
			};
		};
		58ED405D298E59DE00B5DC04 /* XCRemoteSwiftPackageReference "kakao-ios-sdk" */ = {
			isa = XCRemoteSwiftPackageReference;
			repositoryURL = "https://github.com/kakao/kakao-ios-sdk";
			requirement = {
				branch = master;
				kind = branch;
			};
		};
		5C20C9E5298D478A00B8BB2A /* XCRemoteSwiftPackageReference "Charts" */ = {
			isa = XCRemoteSwiftPackageReference;
			repositoryURL = "https://github.com/danielgindi/Charts";
			requirement = {
				kind = exactVersion;
				version = 4.1.0;
			};
		};
		5C20C9EB298D482000B8BB2A /* XCRemoteSwiftPackageReference "Then" */ = {
			isa = XCRemoteSwiftPackageReference;
			repositoryURL = "https://github.com/devxoul/Then";
			requirement = {
				branch = master;
				kind = branch;
			};
		};
		5C525E2B298AC8050056CFF8 /* XCRemoteSwiftPackageReference "FSCalendar" */ = {
			isa = XCRemoteSwiftPackageReference;
			repositoryURL = "https://github.com/Betmoong/FSCalendar";
			requirement = {
				branch = master;
				kind = branch;
			};
		};
		8A126C5D29912DDE00F096AB /* XCRemoteSwiftPackageReference "FloatingPanel" */ = {
			isa = XCRemoteSwiftPackageReference;
			repositoryURL = "https://github.com/SCENEE/FloatingPanel";
			requirement = {
				kind = upToNextMajorVersion;
				minimumVersion = 2.5.5;
			};
		};
/* End XCRemoteSwiftPackageReference section */

/* Begin XCSwiftPackageProductDependency section */
		584B4A322988C9160052D5A9 /* Moya */ = {
			isa = XCSwiftPackageProductDependency;
			package = 584B4A312988C9160052D5A9 /* XCRemoteSwiftPackageReference "Moya" */;
			productName = Moya;
		};
		58ED405E298E59DE00B5DC04 /* KakaoSDKAuth */ = {
			isa = XCSwiftPackageProductDependency;
			package = 58ED405D298E59DE00B5DC04 /* XCRemoteSwiftPackageReference "kakao-ios-sdk" */;
			productName = KakaoSDKAuth;
		};
		58ED4060298E59DE00B5DC04 /* KakaoSDKUser */ = {
			isa = XCSwiftPackageProductDependency;
			package = 58ED405D298E59DE00B5DC04 /* XCRemoteSwiftPackageReference "kakao-ios-sdk" */;
			productName = KakaoSDKUser;
		};
		58ED4062298E73A700B5DC04 /* KakaoSDKCommon */ = {
			isa = XCSwiftPackageProductDependency;
			package = 58ED405D298E59DE00B5DC04 /* XCRemoteSwiftPackageReference "kakao-ios-sdk" */;
			productName = KakaoSDKCommon;
		};
		5C20C9E6298D478A00B8BB2A /* Charts */ = {
			isa = XCSwiftPackageProductDependency;
			package = 5C20C9E5298D478A00B8BB2A /* XCRemoteSwiftPackageReference "Charts" */;
			productName = Charts;
		};
		5C20C9E9298D47E600B8BB2A /* SnapKit */ = {
			isa = XCSwiftPackageProductDependency;
			package = 559874742966BAE400A679C4 /* XCRemoteSwiftPackageReference "SnapKit" */;
			productName = SnapKit;
		};
		5C20C9EC298D482000B8BB2A /* Then */ = {
			isa = XCSwiftPackageProductDependency;
			package = 5C20C9EB298D482000B8BB2A /* XCRemoteSwiftPackageReference "Then" */;
			productName = Then;
		};
		5C525E2C298AC8050056CFF8 /* FSCalendar */ = {
			isa = XCSwiftPackageProductDependency;
			package = 5C525E2B298AC8050056CFF8 /* XCRemoteSwiftPackageReference "FSCalendar" */;
			productName = FSCalendar;
		};
		8A126C5E29912DDE00F096AB /* FloatingPanel */ = {
			isa = XCSwiftPackageProductDependency;
			package = 8A126C5D29912DDE00F096AB /* XCRemoteSwiftPackageReference "FloatingPanel" */;
			productName = FloatingPanel;
		};
/* End XCSwiftPackageProductDependency section */
	};
	rootObject = 553ECDC62966B5E5003D8EEA /* Project object */;
}
