// !$*UTF8*$!
{
	archiveVersion = 1;
	classes = {
	};
	objectVersion = 56;
	objects = {

/* Begin PBXBuildFile section */
		55372E21296D6A61004F911A /* HomeSortStackView.swift in Sources */ = {isa = PBXBuildFile; fileRef = 55372E20296D6A61004F911A /* HomeSortStackView.swift */; };
		55372E25296D6AF6004F911A /* HomePostingCollectionViewCell.swift in Sources */ = {isa = PBXBuildFile; fileRef = 55372E24296D6AF6004F911A /* HomePostingCollectionViewCell.swift */; };
		553DF619296C5F8C0021C35F /* Assets.xcassets in Resources */ = {isa = PBXBuildFile; fileRef = 553DF615296C5F8C0021C35F /* Assets.xcassets */; };
		553DF62A296C5F940021C35F /* NetworkResult.swift in Sources */ = {isa = PBXBuildFile; fileRef = 553DF61C296C5F930021C35F /* NetworkResult.swift */; };
		553DF62B296C5F940021C35F /* GenericResponse.swift in Sources */ = {isa = PBXBuildFile; fileRef = 553DF61D296C5F930021C35F /* GenericResponse.swift */; };
		553DF62C296C5F940021C35F /* ViewController.swift in Sources */ = {isa = PBXBuildFile; fileRef = 553DF61F296C5F930021C35F /* ViewController.swift */; };
		553DF62D296C5F940021C35F /* HomeViewController.swift in Sources */ = {isa = PBXBuildFile; fileRef = 553DF620296C5F930021C35F /* HomeViewController.swift */; };
		553DF62E296C5F940021C35F /* OnboardingViewController.swift in Sources */ = {isa = PBXBuildFile; fileRef = 553DF621296C5F930021C35F /* OnboardingViewController.swift */; };
		553DF62F296C5F940021C35F /* CalendarViewController.swift in Sources */ = {isa = PBXBuildFile; fileRef = 553DF622296C5F930021C35F /* CalendarViewController.swift */; };
		553DF630296C5F940021C35F /* MyPageViewController.swift in Sources */ = {isa = PBXBuildFile; fileRef = 553DF623296C5F930021C35F /* MyPageViewController.swift */; };
		553DF631296C5F940021C35F /* AppDelegate.swift in Sources */ = {isa = PBXBuildFile; fileRef = 553DF624296C5F930021C35F /* AppDelegate.swift */; };
		553DF634296C5F940021C35F /* SceneDelegate.swift in Sources */ = {isa = PBXBuildFile; fileRef = 553DF629296C5F930021C35F /* SceneDelegate.swift */; };
		553ECDDE2966B5E7003D8EEA /* LaunchScreen.storyboard in Resources */ = {isa = PBXBuildFile; fileRef = 553ECDDC2966B5E7003D8EEA /* LaunchScreen.storyboard */; };
		55BBCF7A2968EDCB009D56E6 /* .swiftlint.yml in Resources */ = {isa = PBXBuildFile; fileRef = 55BBCF792968EDCB009D56E6 /* .swiftlint.yml */; };
/* End PBXBuildFile section */

/* Begin PBXFileReference section */
		55372E20296D6A61004F911A /* HomeSortStackView.swift */ = {isa = PBXFileReference; lastKnownFileType = sourcecode.swift; path = HomeSortStackView.swift; sourceTree = "<group>"; };
		55372E24296D6AF6004F911A /* HomePostingCollectionViewCell.swift */ = {isa = PBXFileReference; lastKnownFileType = sourcecode.swift; path = HomePostingCollectionViewCell.swift; sourceTree = "<group>"; };
		553DF60F296C5F8C0021C35F /* .gitkeep */ = {isa = PBXFileReference; fileEncoding = 4; lastKnownFileType = text; path = .gitkeep; sourceTree = "<group>"; };
		553DF611296C5F8C0021C35F /* .gitkeep */ = {isa = PBXFileReference; fileEncoding = 4; lastKnownFileType = text; path = .gitkeep; sourceTree = "<group>"; };
		553DF613296C5F8C0021C35F /* .gitkeep */ = {isa = PBXFileReference; fileEncoding = 4; lastKnownFileType = text; path = .gitkeep; sourceTree = "<group>"; };
		553DF615296C5F8C0021C35F /* Assets.xcassets */ = {isa = PBXFileReference; lastKnownFileType = folder.assetcatalog; path = Assets.xcassets; sourceTree = "<group>"; };
		553DF61C296C5F930021C35F /* NetworkResult.swift */ = {isa = PBXFileReference; fileEncoding = 4; lastKnownFileType = sourcecode.swift; path = NetworkResult.swift; sourceTree = "<group>"; };
		553DF61D296C5F930021C35F /* GenericResponse.swift */ = {isa = PBXFileReference; fileEncoding = 4; lastKnownFileType = sourcecode.swift; path = GenericResponse.swift; sourceTree = "<group>"; };
		553DF61F296C5F930021C35F /* ViewController.swift */ = {isa = PBXFileReference; fileEncoding = 4; lastKnownFileType = sourcecode.swift; path = ViewController.swift; sourceTree = "<group>"; };
		553DF620296C5F930021C35F /* HomeViewController.swift */ = {isa = PBXFileReference; fileEncoding = 4; lastKnownFileType = sourcecode.swift; path = HomeViewController.swift; sourceTree = "<group>"; };
		553DF621296C5F930021C35F /* OnboardingViewController.swift */ = {isa = PBXFileReference; fileEncoding = 4; lastKnownFileType = sourcecode.swift; path = OnboardingViewController.swift; sourceTree = "<group>"; };
		553DF622296C5F930021C35F /* CalendarViewController.swift */ = {isa = PBXFileReference; fileEncoding = 4; lastKnownFileType = sourcecode.swift; path = CalendarViewController.swift; sourceTree = "<group>"; };
		553DF623296C5F930021C35F /* MyPageViewController.swift */ = {isa = PBXFileReference; fileEncoding = 4; lastKnownFileType = sourcecode.swift; path = MyPageViewController.swift; sourceTree = "<group>"; };
		553DF624296C5F930021C35F /* AppDelegate.swift */ = {isa = PBXFileReference; fileEncoding = 4; lastKnownFileType = sourcecode.swift; path = AppDelegate.swift; sourceTree = "<group>"; };
		553DF626296C5F930021C35F /* .gitkeep */ = {isa = PBXFileReference; fileEncoding = 4; lastKnownFileType = text; path = .gitkeep; sourceTree = "<group>"; };
		553DF628296C5F930021C35F /* .gitkeep */ = {isa = PBXFileReference; fileEncoding = 4; lastKnownFileType = text; path = .gitkeep; sourceTree = "<group>"; };
		553DF629296C5F930021C35F /* SceneDelegate.swift */ = {isa = PBXFileReference; fileEncoding = 4; lastKnownFileType = sourcecode.swift; path = SceneDelegate.swift; sourceTree = "<group>"; };
		553ECDCE2966B5E5003D8EEA /* bonheur.app */ = {isa = PBXFileReference; explicitFileType = wrapper.application; includeInIndex = 0; path = bonheur.app; sourceTree = BUILT_PRODUCTS_DIR; };
		553ECDDD2966B5E7003D8EEA /* Base */ = {isa = PBXFileReference; lastKnownFileType = file.storyboard; name = Base; path = Base.lproj/LaunchScreen.storyboard; sourceTree = "<group>"; };
		553ECDDF2966B5E7003D8EEA /* Info.plist */ = {isa = PBXFileReference; lastKnownFileType = text.plist.xml; path = Info.plist; sourceTree = "<group>"; };
		55BBCF792968EDCB009D56E6 /* .swiftlint.yml */ = {isa = PBXFileReference; lastKnownFileType = text.yaml; path = .swiftlint.yml; sourceTree = "<group>"; };
/* End PBXFileReference section */

/* Begin PBXFrameworksBuildPhase section */
		553ECDCB2966B5E5003D8EEA /* Frameworks */ = {
			isa = PBXFrameworksBuildPhase;
			buildActionMask = 2147483647;
			files = (
			);
			runOnlyForDeploymentPostprocessing = 0;
		};
/* End PBXFrameworksBuildPhase section */

/* Begin PBXGroup section */
		55372E1F296D6A2E004F911A /* HomeView */ = {
			isa = PBXGroup;
			children = (
				553DF620296C5F930021C35F /* HomeViewController.swift */,
				55372E20296D6A61004F911A /* HomeSortStackView.swift */,
				55372E24296D6AF6004F911A /* HomePostingCollectionViewCell.swift */,
			);
			path = HomeView;
			sourceTree = "<group>";
		};
		553DF60D296C5F8C0021C35F /* Resources */ = {
			isa = PBXGroup;
			children = (
				553DF60E296C5F8C0021C35F /* Constants */,
				553DF610296C5F8C0021C35F /* Extensions */,
				553DF612296C5F8C0021C35F /* Fonts */,
				553DF614296C5F8C0021C35F /* Assets */,
			);
			path = Resources;
			sourceTree = "<group>";
		};
		553DF60E296C5F8C0021C35F /* Constants */ = {
			isa = PBXGroup;
			children = (
				553DF60F296C5F8C0021C35F /* .gitkeep */,
			);
			path = Constants;
			sourceTree = "<group>";
		};
		553DF610296C5F8C0021C35F /* Extensions */ = {
			isa = PBXGroup;
			children = (
				553DF611296C5F8C0021C35F /* .gitkeep */,
			);
			path = Extensions;
			sourceTree = "<group>";
		};
		553DF612296C5F8C0021C35F /* Fonts */ = {
			isa = PBXGroup;
			children = (
				553DF613296C5F8C0021C35F /* .gitkeep */,
			);
			path = Fonts;
			sourceTree = "<group>";
		};
		553DF614296C5F8C0021C35F /* Assets */ = {
			isa = PBXGroup;
			children = (
				553DF615296C5F8C0021C35F /* Assets.xcassets */,
			);
			path = Assets;
			sourceTree = "<group>";
		};
		553DF61A296C5F930021C35F /* Sources */ = {
			isa = PBXGroup;
			children = (
				553DF61B296C5F930021C35F /* Models */,
				553DF61E296C5F930021C35F /* ViewControllers */,
				553DF624296C5F930021C35F /* AppDelegate.swift */,
				553DF625296C5F930021C35F /* Views */,
				553DF627296C5F930021C35F /* Protocols */,
				553DF629296C5F930021C35F /* SceneDelegate.swift */,
			);
			path = Sources;
			sourceTree = "<group>";
		};
		553DF61B296C5F930021C35F /* Models */ = {
			isa = PBXGroup;
			children = (
				553DF61C296C5F930021C35F /* NetworkResult.swift */,
				553DF61D296C5F930021C35F /* GenericResponse.swift */,
			);
			path = Models;
			sourceTree = "<group>";
		};
		553DF61E296C5F930021C35F /* ViewControllers */ = {
			isa = PBXGroup;
			children = (
				553DF61F296C5F930021C35F /* ViewController.swift */,
				553DF621296C5F930021C35F /* OnboardingViewController.swift */,
				553DF622296C5F930021C35F /* CalendarViewController.swift */,
				553DF623296C5F930021C35F /* MyPageViewController.swift */,
				55372E1F296D6A2E004F911A /* HomeView */,
			);
			path = ViewControllers;
			sourceTree = "<group>";
		};
		553DF625296C5F930021C35F /* Views */ = {
			isa = PBXGroup;
			children = (
				553DF626296C5F930021C35F /* .gitkeep */,
			);
			path = Views;
			sourceTree = "<group>";
		};
		553DF627296C5F930021C35F /* Protocols */ = {
			isa = PBXGroup;
			children = (
				553DF628296C5F930021C35F /* .gitkeep */,
			);
			path = Protocols;
			sourceTree = "<group>";
		};
		553ECDC52966B5E5003D8EEA = {
			isa = PBXGroup;
			children = (
				553ECDD02966B5E5003D8EEA /* bonheur */,
				553ECDCF2966B5E5003D8EEA /* Products */,
			);
			sourceTree = "<group>";
		};
		553ECDCF2966B5E5003D8EEA /* Products */ = {
			isa = PBXGroup;
			children = (
				553ECDCE2966B5E5003D8EEA /* bonheur.app */,
			);
			name = Products;
			sourceTree = "<group>";
		};
		553ECDD02966B5E5003D8EEA /* bonheur */ = {
			isa = PBXGroup;
			children = (
				553DF61A296C5F930021C35F /* Sources */,
				553DF60D296C5F8C0021C35F /* Resources */,
				55BBCF792968EDCB009D56E6 /* .swiftlint.yml */,
				553ECDDC2966B5E7003D8EEA /* LaunchScreen.storyboard */,
				553ECDDF2966B5E7003D8EEA /* Info.plist */,
			);
			path = bonheur;
			sourceTree = "<group>";
		};
/* End PBXGroup section */

/* Begin PBXNativeTarget section */
		553ECDCD2966B5E5003D8EEA /* bonheur */ = {
			isa = PBXNativeTarget;
			buildConfigurationList = 553ECDE22966B5E7003D8EEA /* Build configuration list for PBXNativeTarget "bonheur" */;
			buildPhases = (
				55BBCF782968ED1A009D56E6 /* ShellScript */,
				553ECDCA2966B5E5003D8EEA /* Sources */,
				553ECDCB2966B5E5003D8EEA /* Frameworks */,
				553ECDCC2966B5E5003D8EEA /* Resources */,
			);
			buildRules = (
			);
			dependencies = (
			);
			name = bonheur;
			productName = bonheur;
			productReference = 553ECDCE2966B5E5003D8EEA /* bonheur.app */;
			productType = "com.apple.product-type.application";
		};
/* End PBXNativeTarget section */

/* Begin PBXProject section */
		553ECDC62966B5E5003D8EEA /* Project object */ = {
			isa = PBXProject;
			attributes = {
				BuildIndependentTargetsInParallel = 1;
				LastSwiftUpdateCheck = 1400;
				LastUpgradeCheck = 1400;
				TargetAttributes = {
					553ECDCD2966B5E5003D8EEA = {
						CreatedOnToolsVersion = 14.0;
					};
				};
			};
			buildConfigurationList = 553ECDC92966B5E5003D8EEA /* Build configuration list for PBXProject "bonheur" */;
			compatibilityVersion = "Xcode 14.0";
			developmentRegion = en;
			hasScannedForEncodings = 0;
			knownRegions = (
				en,
				Base,
			);
			mainGroup = 553ECDC52966B5E5003D8EEA;
			packageReferences = (
				559874742966BAE400A679C4 /* XCRemoteSwiftPackageReference "SnapKit" */,
			);
			productRefGroup = 553ECDCF2966B5E5003D8EEA /* Products */;
			projectDirPath = "";
			projectRoot = "";
			targets = (
				553ECDCD2966B5E5003D8EEA /* bonheur */,
			);
		};
/* End PBXProject section */

/* Begin PBXResourcesBuildPhase section */
		553ECDCC2966B5E5003D8EEA /* Resources */ = {
			isa = PBXResourcesBuildPhase;
			buildActionMask = 2147483647;
			files = (
				55BBCF7A2968EDCB009D56E6 /* .swiftlint.yml in Resources */,
				553ECDDE2966B5E7003D8EEA /* LaunchScreen.storyboard in Resources */,
				553DF619296C5F8C0021C35F /* Assets.xcassets in Resources */,
			);
			runOnlyForDeploymentPostprocessing = 0;
		};
/* End PBXResourcesBuildPhase section */

/* Begin PBXShellScriptBuildPhase section */
		55BBCF782968ED1A009D56E6 /* ShellScript */ = {
			isa = PBXShellScriptBuildPhase;
			buildActionMask = 2147483647;
			files = (
			);
			inputFileListPaths = (
			);
			inputPaths = (
			);
			outputFileListPaths = (
			);
			outputPaths = (
			);
			runOnlyForDeploymentPostprocessing = 0;
			shellPath = /bin/sh;
			shellScript = "# Type a script or drag a script file from your workspace to insert its path.\nexport PATH=\"$PATH:/opt/homebrew/bin\"\nif which swiftlint > /dev/null; then\n  swiftlint\nelse\n  echo \"warning: SwiftLint not installed, download from https://github.com/realm/SwiftLint\"\nfi\n";
		};
/* End PBXShellScriptBuildPhase section */

/* Begin PBXSourcesBuildPhase section */
		553ECDCA2966B5E5003D8EEA /* Sources */ = {
			isa = PBXSourcesBuildPhase;
			buildActionMask = 2147483647;
			files = (
				553DF631296C5F940021C35F /* AppDelegate.swift in Sources */,
				553DF62F296C5F940021C35F /* CalendarViewController.swift in Sources */,
				55372E25296D6AF6004F911A /* HomePostingCollectionViewCell.swift in Sources */,
				553DF634296C5F940021C35F /* SceneDelegate.swift in Sources */,
				553DF62C296C5F940021C35F /* ViewController.swift in Sources */,
				55372E21296D6A61004F911A /* HomeSortStackView.swift in Sources */,
				553DF630296C5F940021C35F /* MyPageViewController.swift in Sources */,
				553DF62B296C5F940021C35F /* GenericResponse.swift in Sources */,
				553DF62E296C5F940021C35F /* OnboardingViewController.swift in Sources */,
				553DF62A296C5F940021C35F /* NetworkResult.swift in Sources */,
				553DF62D296C5F940021C35F /* HomeViewController.swift in Sources */,
			);
			runOnlyForDeploymentPostprocessing = 0;
		};
/* End PBXSourcesBuildPhase section */

/* Begin PBXVariantGroup section */
		553ECDDC2966B5E7003D8EEA /* LaunchScreen.storyboard */ = {
			isa = PBXVariantGroup;
			children = (
				553ECDDD2966B5E7003D8EEA /* Base */,
			);
			name = LaunchScreen.storyboard;
			sourceTree = "<group>";
		};
/* End PBXVariantGroup section */

/* Begin XCBuildConfiguration section */
		553ECDE02966B5E7003D8EEA /* Debug */ = {
			isa = XCBuildConfiguration;
			buildSettings = {
				ALWAYS_SEARCH_USER_PATHS = NO;
				CLANG_ANALYZER_NONNULL = YES;
				CLANG_ANALYZER_NUMBER_OBJECT_CONVERSION = YES_AGGRESSIVE;
				CLANG_CXX_LANGUAGE_STANDARD = "gnu++20";
				CLANG_ENABLE_MODULES = YES;
				CLANG_ENABLE_OBJC_ARC = YES;
				CLANG_ENABLE_OBJC_WEAK = YES;
				CLANG_WARN_BLOCK_CAPTURE_AUTORELEASING = YES;
				CLANG_WARN_BOOL_CONVERSION = YES;
				CLANG_WARN_COMMA = YES;
				CLANG_WARN_CONSTANT_CONVERSION = YES;
				CLANG_WARN_DEPRECATED_OBJC_IMPLEMENTATIONS = YES;
				CLANG_WARN_DIRECT_OBJC_ISA_USAGE = YES_ERROR;
				CLANG_WARN_DOCUMENTATION_COMMENTS = YES;
				CLANG_WARN_EMPTY_BODY = YES;
				CLANG_WARN_ENUM_CONVERSION = YES;
				CLANG_WARN_INFINITE_RECURSION = YES;
				CLANG_WARN_INT_CONVERSION = YES;
				CLANG_WARN_NON_LITERAL_NULL_CONVERSION = YES;
				CLANG_WARN_OBJC_IMPLICIT_RETAIN_SELF = YES;
				CLANG_WARN_OBJC_LITERAL_CONVERSION = YES;
				CLANG_WARN_OBJC_ROOT_CLASS = YES_ERROR;
				CLANG_WARN_QUOTED_INCLUDE_IN_FRAMEWORK_HEADER = YES;
				CLANG_WARN_RANGE_LOOP_ANALYSIS = YES;
				CLANG_WARN_STRICT_PROTOTYPES = YES;
				CLANG_WARN_SUSPICIOUS_MOVE = YES;
				CLANG_WARN_UNGUARDED_AVAILABILITY = YES_AGGRESSIVE;
				CLANG_WARN_UNREACHABLE_CODE = YES;
				CLANG_WARN__DUPLICATE_METHOD_MATCH = YES;
				COPY_PHASE_STRIP = NO;
				DEBUG_INFORMATION_FORMAT = dwarf;
				ENABLE_STRICT_OBJC_MSGSEND = YES;
				ENABLE_TESTABILITY = YES;
				GCC_C_LANGUAGE_STANDARD = gnu11;
				GCC_DYNAMIC_NO_PIC = NO;
				GCC_NO_COMMON_BLOCKS = YES;
				GCC_OPTIMIZATION_LEVEL = 0;
				GCC_PREPROCESSOR_DEFINITIONS = (
					"DEBUG=1",
					"$(inherited)",
				);
				GCC_WARN_64_TO_32_BIT_CONVERSION = YES;
				GCC_WARN_ABOUT_RETURN_TYPE = YES_ERROR;
				GCC_WARN_UNDECLARED_SELECTOR = YES;
				GCC_WARN_UNINITIALIZED_AUTOS = YES_AGGRESSIVE;
				GCC_WARN_UNUSED_FUNCTION = YES;
				GCC_WARN_UNUSED_VARIABLE = YES;
				IPHONEOS_DEPLOYMENT_TARGET = 16.0;
				MTL_ENABLE_DEBUG_INFO = INCLUDE_SOURCE;
				MTL_FAST_MATH = YES;
				ONLY_ACTIVE_ARCH = YES;
				SDKROOT = iphoneos;
				SWIFT_ACTIVE_COMPILATION_CONDITIONS = DEBUG;
				SWIFT_OPTIMIZATION_LEVEL = "-Onone";
			};
			name = Debug;
		};
		553ECDE12966B5E7003D8EEA /* Release */ = {
			isa = XCBuildConfiguration;
			buildSettings = {
				ALWAYS_SEARCH_USER_PATHS = NO;
				CLANG_ANALYZER_NONNULL = YES;
				CLANG_ANALYZER_NUMBER_OBJECT_CONVERSION = YES_AGGRESSIVE;
				CLANG_CXX_LANGUAGE_STANDARD = "gnu++20";
				CLANG_ENABLE_MODULES = YES;
				CLANG_ENABLE_OBJC_ARC = YES;
				CLANG_ENABLE_OBJC_WEAK = YES;
				CLANG_WARN_BLOCK_CAPTURE_AUTORELEASING = YES;
				CLANG_WARN_BOOL_CONVERSION = YES;
				CLANG_WARN_COMMA = YES;
				CLANG_WARN_CONSTANT_CONVERSION = YES;
				CLANG_WARN_DEPRECATED_OBJC_IMPLEMENTATIONS = YES;
				CLANG_WARN_DIRECT_OBJC_ISA_USAGE = YES_ERROR;
				CLANG_WARN_DOCUMENTATION_COMMENTS = YES;
				CLANG_WARN_EMPTY_BODY = YES;
				CLANG_WARN_ENUM_CONVERSION = YES;
				CLANG_WARN_INFINITE_RECURSION = YES;
				CLANG_WARN_INT_CONVERSION = YES;
				CLANG_WARN_NON_LITERAL_NULL_CONVERSION = YES;
				CLANG_WARN_OBJC_IMPLICIT_RETAIN_SELF = YES;
				CLANG_WARN_OBJC_LITERAL_CONVERSION = YES;
				CLANG_WARN_OBJC_ROOT_CLASS = YES_ERROR;
				CLANG_WARN_QUOTED_INCLUDE_IN_FRAMEWORK_HEADER = YES;
				CLANG_WARN_RANGE_LOOP_ANALYSIS = YES;
				CLANG_WARN_STRICT_PROTOTYPES = YES;
				CLANG_WARN_SUSPICIOUS_MOVE = YES;
				CLANG_WARN_UNGUARDED_AVAILABILITY = YES_AGGRESSIVE;
				CLANG_WARN_UNREACHABLE_CODE = YES;
				CLANG_WARN__DUPLICATE_METHOD_MATCH = YES;
				COPY_PHASE_STRIP = NO;
				DEBUG_INFORMATION_FORMAT = "dwarf-with-dsym";
				ENABLE_NS_ASSERTIONS = NO;
				ENABLE_STRICT_OBJC_MSGSEND = YES;
				GCC_C_LANGUAGE_STANDARD = gnu11;
				GCC_NO_COMMON_BLOCKS = YES;
				GCC_WARN_64_TO_32_BIT_CONVERSION = YES;
				GCC_WARN_ABOUT_RETURN_TYPE = YES_ERROR;
				GCC_WARN_UNDECLARED_SELECTOR = YES;
				GCC_WARN_UNINITIALIZED_AUTOS = YES_AGGRESSIVE;
				GCC_WARN_UNUSED_FUNCTION = YES;
				GCC_WARN_UNUSED_VARIABLE = YES;
				IPHONEOS_DEPLOYMENT_TARGET = 16.0;
				MTL_ENABLE_DEBUG_INFO = NO;
				MTL_FAST_MATH = YES;
				SDKROOT = iphoneos;
				SWIFT_COMPILATION_MODE = wholemodule;
				SWIFT_OPTIMIZATION_LEVEL = "-O";
				VALIDATE_PRODUCT = YES;
			};
			name = Release;
		};
		553ECDE32966B5E7003D8EEA /* Debug */ = {
			isa = XCBuildConfiguration;
			buildSettings = {
				ASSETCATALOG_COMPILER_APPICON_NAME = AppIcon;
				ASSETCATALOG_COMPILER_GLOBAL_ACCENT_COLOR_NAME = AccentColor;
				CODE_SIGN_STYLE = Automatic;
				CURRENT_PROJECT_VERSION = 1;
				GENERATE_INFOPLIST_FILE = YES;
				INFOPLIST_FILE = bonheur/Info.plist;
				INFOPLIST_KEY_UIApplicationSupportsIndirectInputEvents = YES;
				INFOPLIST_KEY_UILaunchStoryboardName = LaunchScreen;
				INFOPLIST_KEY_UISupportedInterfaceOrientations = UIInterfaceOrientationPortrait;
				INFOPLIST_KEY_UISupportedInterfaceOrientations_iPad = "UIInterfaceOrientationLandscapeLeft UIInterfaceOrientationLandscapeRight UIInterfaceOrientationPortrait UIInterfaceOrientationPortraitUpsideDown";
				IPHONEOS_DEPLOYMENT_TARGET = 15.0;
				LD_RUNPATH_SEARCH_PATHS = (
					"$(inherited)",
					"@executable_path/Frameworks",
				);
				MARKETING_VERSION = 1.0;
				PRODUCT_BUNDLE_IDENTIFIER = Colli.bonheur;
				PRODUCT_NAME = "$(TARGET_NAME)";
				SUPPORTED_PLATFORMS = "iphoneos iphonesimulator";
				SUPPORTS_MACCATALYST = NO;
				SUPPORTS_MAC_DESIGNED_FOR_IPHONE_IPAD = NO;
				SWIFT_EMIT_LOC_STRINGS = YES;
				SWIFT_VERSION = 5.0;
				TARGETED_DEVICE_FAMILY = 1;
			};
			name = Debug;
		};
		553ECDE42966B5E7003D8EEA /* Release */ = {
			isa = XCBuildConfiguration;
			buildSettings = {
				ASSETCATALOG_COMPILER_APPICON_NAME = AppIcon;
				ASSETCATALOG_COMPILER_GLOBAL_ACCENT_COLOR_NAME = AccentColor;
				CODE_SIGN_STYLE = Automatic;
				CURRENT_PROJECT_VERSION = 1;
				GENERATE_INFOPLIST_FILE = YES;
				INFOPLIST_FILE = bonheur/Info.plist;
				INFOPLIST_KEY_UIApplicationSupportsIndirectInputEvents = YES;
				INFOPLIST_KEY_UILaunchStoryboardName = LaunchScreen;
				INFOPLIST_KEY_UISupportedInterfaceOrientations = UIInterfaceOrientationPortrait;
				INFOPLIST_KEY_UISupportedInterfaceOrientations_iPad = "UIInterfaceOrientationLandscapeLeft UIInterfaceOrientationLandscapeRight UIInterfaceOrientationPortrait UIInterfaceOrientationPortraitUpsideDown";
				IPHONEOS_DEPLOYMENT_TARGET = 15.0;
				LD_RUNPATH_SEARCH_PATHS = (
					"$(inherited)",
					"@executable_path/Frameworks",
				);
				MARKETING_VERSION = 1.0;
				PRODUCT_BUNDLE_IDENTIFIER = Colli.bonheur;
				PRODUCT_NAME = "$(TARGET_NAME)";
				SUPPORTED_PLATFORMS = "iphoneos iphonesimulator";
				SUPPORTS_MACCATALYST = NO;
				SUPPORTS_MAC_DESIGNED_FOR_IPHONE_IPAD = NO;
				SWIFT_EMIT_LOC_STRINGS = YES;
				SWIFT_VERSION = 5.0;
				TARGETED_DEVICE_FAMILY = 1;
			};
			name = Release;
		};
/* End XCBuildConfiguration section */

/* Begin XCConfigurationList section */
		553ECDC92966B5E5003D8EEA /* Build configuration list for PBXProject "bonheur" */ = {
			isa = XCConfigurationList;
			buildConfigurations = (
				553ECDE02966B5E7003D8EEA /* Debug */,
				553ECDE12966B5E7003D8EEA /* Release */,
			);
			defaultConfigurationIsVisible = 0;
			defaultConfigurationName = Release;
		};
		553ECDE22966B5E7003D8EEA /* Build configuration list for PBXNativeTarget "bonheur" */ = {
			isa = XCConfigurationList;
			buildConfigurations = (
				553ECDE32966B5E7003D8EEA /* Debug */,
				553ECDE42966B5E7003D8EEA /* Release */,
			);
			defaultConfigurationIsVisible = 0;
			defaultConfigurationName = Release;
		};
/* End XCConfigurationList section */

/* Begin XCRemoteSwiftPackageReference section */
		559874742966BAE400A679C4 /* XCRemoteSwiftPackageReference "SnapKit" */ = {
			isa = XCRemoteSwiftPackageReference;
			repositoryURL = "https://github.com/SnapKit/SnapKit";
			requirement = {
				kind = upToNextMajorVersion;
				minimumVersion = 5.0.0;
			};
		};
/* End XCRemoteSwiftPackageReference section */
	};
	rootObject = 553ECDC62966B5E5003D8EEA /* Project object */;
}
