// !$*UTF8*$!
{
	archiveVersion = 1;
	classes = {
	};
	objectVersion = 56;
	objects = {

/* Begin PBXBuildFile section */
		8A3AAF69296C717300E513E1 /* SceneDelegate.swift in Sources */ = {isa = PBXBuildFile; fileRef = 8A3AAF67296C714500E513E1 /* SceneDelegate.swift */; };
		8A3AAF6A296C717F00E513E1 /* NetworkResult.swift in Sources */ = {isa = PBXBuildFile; fileRef = 8A3AAF5A296C714500E513E1 /* NetworkResult.swift */; };
		8A3AAF6B296C717F00E513E1 /* GenericResponse.swift in Sources */ = {isa = PBXBuildFile; fileRef = 8A3AAF5B296C714500E513E1 /* GenericResponse.swift */; };
		8A3AAF6C296C717F00E513E1 /* ViewController.swift in Sources */ = {isa = PBXBuildFile; fileRef = 8A3AAF5D296C714500E513E1 /* ViewController.swift */; };
		8A3AAF6D296C717F00E513E1 /* HomeViewController.swift in Sources */ = {isa = PBXBuildFile; fileRef = 8A3AAF5E296C714500E513E1 /* HomeViewController.swift */; };
		8A3AAF6E296C717F00E513E1 /* OnboardingViewController.swift in Sources */ = {isa = PBXBuildFile; fileRef = 8A3AAF5F296C714500E513E1 /* OnboardingViewController.swift */; };
		8A3AAF6F296C717F00E513E1 /* CalendarViewController.swift in Sources */ = {isa = PBXBuildFile; fileRef = 8A3AAF60296C714500E513E1 /* CalendarViewController.swift */; };
		8A3AAF70296C717F00E513E1 /* MyPageViewController.swift in Sources */ = {isa = PBXBuildFile; fileRef = 8A3AAF61296C714500E513E1 /* MyPageViewController.swift */; };
		8A3AAF71296C717F00E513E1 /* AppDelegate.swift in Sources */ = {isa = PBXBuildFile; fileRef = 8A3AAF62296C714500E513E1 /* AppDelegate.swift */; };
/* End PBXBuildFile section */

/* Begin PBXFileReference section */
		553ECDCE2966B5E5003D8EEA /* bonheur.app */ = {isa = PBXFileReference; explicitFileType = wrapper.application; includeInIndex = 0; path = bonheur.app; sourceTree = BUILT_PRODUCTS_DIR; };
		8A3AAF4C296C714500E513E1 /* .swiftlint.yml */ = {isa = PBXFileReference; lastKnownFileType = text.yaml; path = .swiftlint.yml; sourceTree = "<group>"; };
		8A3AAF4F296C714500E513E1 /* .gitkeep */ = {isa = PBXFileReference; lastKnownFileType = text; path = .gitkeep; sourceTree = "<group>"; };
		8A3AAF51296C714500E513E1 /* .gitkeep */ = {isa = PBXFileReference; lastKnownFileType = text; path = .gitkeep; sourceTree = "<group>"; };
		8A3AAF53296C714500E513E1 /* .gitkeep */ = {isa = PBXFileReference; lastKnownFileType = text; path = .gitkeep; sourceTree = "<group>"; };
		8A3AAF55296C714500E513E1 /* Assets.xcassets */ = {isa = PBXFileReference; lastKnownFileType = folder.assetcatalog; path = Assets.xcassets; sourceTree = "<group>"; };
		8A3AAF57296C714500E513E1 /* Base */ = {isa = PBXFileReference; lastKnownFileType = file.storyboard; name = Base; path = Base.lproj/LaunchScreen.storyboard; sourceTree = "<group>"; };
		8A3AAF5A296C714500E513E1 /* NetworkResult.swift */ = {isa = PBXFileReference; lastKnownFileType = sourcecode.swift; path = NetworkResult.swift; sourceTree = "<group>"; };
		8A3AAF5B296C714500E513E1 /* GenericResponse.swift */ = {isa = PBXFileReference; lastKnownFileType = sourcecode.swift; path = GenericResponse.swift; sourceTree = "<group>"; };
		8A3AAF5D296C714500E513E1 /* ViewController.swift */ = {isa = PBXFileReference; lastKnownFileType = sourcecode.swift; path = ViewController.swift; sourceTree = "<group>"; };
		8A3AAF5E296C714500E513E1 /* HomeViewController.swift */ = {isa = PBXFileReference; lastKnownFileType = sourcecode.swift; path = HomeViewController.swift; sourceTree = "<group>"; };
		8A3AAF5F296C714500E513E1 /* OnboardingViewController.swift */ = {isa = PBXFileReference; lastKnownFileType = sourcecode.swift; path = OnboardingViewController.swift; sourceTree = "<group>"; };
		8A3AAF60296C714500E513E1 /* CalendarViewController.swift */ = {isa = PBXFileReference; lastKnownFileType = sourcecode.swift; path = CalendarViewController.swift; sourceTree = "<group>"; };
		8A3AAF61296C714500E513E1 /* MyPageViewController.swift */ = {isa = PBXFileReference; lastKnownFileType = sourcecode.swift; path = MyPageViewController.swift; sourceTree = "<group>"; };
		8A3AAF62296C714500E513E1 /* AppDelegate.swift */ = {isa = PBXFileReference; lastKnownFileType = sourcecode.swift; path = AppDelegate.swift; sourceTree = "<group>"; };
		8A3AAF64296C714500E513E1 /* .gitkeep */ = {isa = PBXFileReference; lastKnownFileType = text; path = .gitkeep; sourceTree = "<group>"; };
		8A3AAF66296C714500E513E1 /* .gitkeep */ = {isa = PBXFileReference; lastKnownFileType = text; path = .gitkeep; sourceTree = "<group>"; };
		8A3AAF67296C714500E513E1 /* SceneDelegate.swift */ = {isa = PBXFileReference; lastKnownFileType = sourcecode.swift; path = SceneDelegate.swift; sourceTree = "<group>"; };
		8A3AAF68296C714500E513E1 /* Info.plist */ = {isa = PBXFileReference; lastKnownFileType = text.plist.xml; path = Info.plist; sourceTree = "<group>"; };
/* End PBXFileReference section */

/* Begin PBXFrameworksBuildPhase section */
		553ECDCB2966B5E5003D8EEA /* Frameworks */ = {
			isa = PBXFrameworksBuildPhase;
			buildActionMask = 2147483647;
			files = (
			);
			runOnlyForDeploymentPostprocessing = 0;
		};
/* End PBXFrameworksBuildPhase section */

/* Begin PBXGroup section */
		553ECDC52966B5E5003D8EEA = {
			isa = PBXGroup;
			children = (
				8A3AAF4B296C714500E513E1 /* bonheur */,
				553ECDCF2966B5E5003D8EEA /* Products */,
			);
			sourceTree = "<group>";
		};
		553ECDCF2966B5E5003D8EEA /* Products */ = {
			isa = PBXGroup;
			children = (
				553ECDCE2966B5E5003D8EEA /* bonheur.app */,
			);
			name = Products;
			sourceTree = "<group>";
		};
		8A3AAF4B296C714500E513E1 /* bonheur */ = {
			isa = PBXGroup;
			children = (
				8A3AAF56296C714500E513E1 /* LaunchScreen.storyboard */,
				8A3AAF67296C714500E513E1 /* SceneDelegate.swift */,
				8A3AAF62296C714500E513E1 /* AppDelegate.swift */,
				8A3AAF58296C714500E513E1 /* Sources */,
				8A3AAF4D296C714500E513E1 /* Resources */,
				8A3AAF4C296C714500E513E1 /* .swiftlint.yml */,
				8A3AAF68296C714500E513E1 /* Info.plist */,
			);
			path = bonheur;
			sourceTree = "<group>";
		};
		8A3AAF4D296C714500E513E1 /* Resources */ = {
			isa = PBXGroup;
			children = (
				8A3AAF4E296C714500E513E1 /* Constants */,
				8A3AAF50296C714500E513E1 /* Extensions */,
				8A3AAF52296C714500E513E1 /* Fonts */,
				8A3AAF54296C714500E513E1 /* Assets */,
			);
			path = Resources;
			sourceTree = "<group>";
		};
		8A3AAF4E296C714500E513E1 /* Constants */ = {
			isa = PBXGroup;
			children = (
				8A3AAF4F296C714500E513E1 /* .gitkeep */,
			);
			path = Constants;
			sourceTree = "<group>";
		};
		8A3AAF50296C714500E513E1 /* Extensions */ = {
			isa = PBXGroup;
			children = (
				8A3AAF51296C714500E513E1 /* .gitkeep */,
			);
			path = Extensions;
			sourceTree = "<group>";
		};
		8A3AAF52296C714500E513E1 /* Fonts */ = {
			isa = PBXGroup;
			children = (
				8A3AAF53296C714500E513E1 /* .gitkeep */,
			);
			path = Fonts;
			sourceTree = "<group>";
		};
		8A3AAF54296C714500E513E1 /* Assets */ = {
			isa = PBXGroup;
			children = (
				8A3AAF55296C714500E513E1 /* Assets.xcassets */,
			);
			path = Assets;
			sourceTree = "<group>";
		};
		8A3AAF58296C714500E513E1 /* Sources */ = {
			isa = PBXGroup;
			children = (
				8A3AAF59296C714500E513E1 /* Models */,
				8A3AAF5C296C714500E513E1 /* ViewControllers */,
				8A3AAF63296C714500E513E1 /* Views */,
				8A3AAF65296C714500E513E1 /* Protocols */,
			);
			path = Sources;
			sourceTree = "<group>";
		};
		8A3AAF59296C714500E513E1 /* Models */ = {
			isa = PBXGroup;
			children = (
				8A3AAF5A296C714500E513E1 /* NetworkResult.swift */,
				8A3AAF5B296C714500E513E1 /* GenericResponse.swift */,
			);
			path = Models;
			sourceTree = "<group>";
		};
		8A3AAF5C296C714500E513E1 /* ViewControllers */ = {
			isa = PBXGroup;
			children = (
				8A3AAF5D296C714500E513E1 /* ViewController.swift */,
				8A3AAF5E296C714500E513E1 /* HomeViewController.swift */,
				8A3AAF5F296C714500E513E1 /* OnboardingViewController.swift */,
				8A3AAF60296C714500E513E1 /* CalendarViewController.swift */,
				8A3AAF61296C714500E513E1 /* MyPageViewController.swift */,
			);
			path = ViewControllers;
			sourceTree = "<group>";
		};
		8A3AAF63296C714500E513E1 /* Views */ = {
			isa = PBXGroup;
			children = (
				8A3AAF64296C714500E513E1 /* .gitkeep */,
			);
			path = Views;
			sourceTree = "<group>";
		};
		8A3AAF65296C714500E513E1 /* Protocols */ = {
			isa = PBXGroup;
			children = (
				8A3AAF66296C714500E513E1 /* .gitkeep */,
			);
			path = Protocols;
			sourceTree = "<group>";
		};
/* End PBXGroup section */

/* Begin PBXNativeTarget section */
		553ECDCD2966B5E5003D8EEA /* bonheur */ = {
			isa = PBXNativeTarget;
			buildConfigurationList = 553ECDE22966B5E7003D8EEA /* Build configuration list for PBXNativeTarget "bonheur" */;
			buildPhases = (
				55BBCF782968ED1A009D56E6 /* ShellScript */,
				553ECDCA2966B5E5003D8EEA /* Sources */,
				553ECDCB2966B5E5003D8EEA /* Frameworks */,
				553ECDCC2966B5E5003D8EEA /* Resources */,
			);
			buildRules = (
			);
			dependencies = (
			);
			name = bonheur;
			productName = bonheur;
			productReference = 553ECDCE2966B5E5003D8EEA /* bonheur.app */;
			productType = "com.apple.product-type.application";
		};
/* End PBXNativeTarget section */

/* Begin PBXProject section */
		553ECDC62966B5E5003D8EEA /* Project object */ = {
			isa = PBXProject;
			attributes = {
				BuildIndependentTargetsInParallel = 1;
				LastSwiftUpdateCheck = 1400;
				LastUpgradeCheck = 1400;
				TargetAttributes = {
					553ECDCD2966B5E5003D8EEA = {
						CreatedOnToolsVersion = 14.0;
					};
				};
			};
			buildConfigurationList = 553ECDC92966B5E5003D8EEA /* Build configuration list for PBXProject "bonheur" */;
			compatibilityVersion = "Xcode 14.0";
			developmentRegion = en;
			hasScannedForEncodings = 0;
			knownRegions = (
				en,
				Base,
			);
			mainGroup = 553ECDC52966B5E5003D8EEA;
			packageReferences = (
				559874742966BAE400A679C4 /* XCRemoteSwiftPackageReference "SnapKit" */,
			);
			productRefGroup = 553ECDCF2966B5E5003D8EEA /* Products */;
			projectDirPath = "";
			projectRoot = "";
			targets = (
				553ECDCD2966B5E5003D8EEA /* bonheur */,
			);
		};
/* End PBXProject section */

/* Begin PBXResourcesBuildPhase section */
		553ECDCC2966B5E5003D8EEA /* Resources */ = {
			isa = PBXResourcesBuildPhase;
			buildActionMask = 2147483647;
			files = (
			);
			runOnlyForDeploymentPostprocessing = 0;
		};
/* End PBXResourcesBuildPhase section */

/* Begin PBXShellScriptBuildPhase section */
		55BBCF782968ED1A009D56E6 /* ShellScript */ = {
			isa = PBXShellScriptBuildPhase;
			buildActionMask = 2147483647;
			files = (
			);
			inputFileListPaths = (
			);
			inputPaths = (
			);
			outputFileListPaths = (
			);
			outputPaths = (
			);
			runOnlyForDeploymentPostprocessing = 0;
			shellPath = /bin/sh;
			shellScript = "# Type a script or drag a script file from your workspace to insert its path.\nexport PATH=\"$PATH:/opt/homebrew/bin\"\nif which swiftlint > /dev/null; then\n  swiftlint\nelse\n  echo \"warning: SwiftLint not installed, download from https://github.com/realm/SwiftLint\"\nfi\n";
		};
/* End PBXShellScriptBuildPhase section */

/* Begin PBXSourcesBuildPhase section */
		553ECDCA2966B5E5003D8EEA /* Sources */ = {
			isa = PBXSourcesBuildPhase;
			buildActionMask = 2147483647;
			files = (
				8A3AAF6A296C717F00E513E1 /* NetworkResult.swift in Sources */,
				8A3AAF6B296C717F00E513E1 /* GenericResponse.swift in Sources */,
				8A3AAF6C296C717F00E513E1 /* ViewController.swift in Sources */,
				8A3AAF6D296C717F00E513E1 /* HomeViewController.swift in Sources */,
				8A3AAF6E296C717F00E513E1 /* OnboardingViewController.swift in Sources */,
				8A3AAF6F296C717F00E513E1 /* CalendarViewController.swift in Sources */,
				8A3AAF70296C717F00E513E1 /* MyPageViewController.swift in Sources */,
				8A3AAF71296C717F00E513E1 /* AppDelegate.swift in Sources */,
				8A3AAF69296C717300E513E1 /* SceneDelegate.swift in Sources */,
			);
			runOnlyForDeploymentPostprocessing = 0;
		};
/* End PBXSourcesBuildPhase section */

/* Begin PBXVariantGroup section */
		8A3AAF56296C714500E513E1 /* LaunchScreen.storyboard */ = {
			isa = PBXVariantGroup;
			children = (
				8A3AAF57296C714500E513E1 /* Base */,
			);
			name = LaunchScreen.storyboard;
			sourceTree = "<group>";
		};
/* End PBXVariantGroup section */

/* Begin XCBuildConfiguration section */
		553ECDE02966B5E7003D8EEA /* Debug */ = {
			isa = XCBuildConfiguration;
			buildSettings = {
				ALWAYS_SEARCH_USER_PATHS = NO;
				CLANG_ANALYZER_NONNULL = YES;
				CLANG_ANALYZER_NUMBER_OBJECT_CONVERSION = YES_AGGRESSIVE;
				CLANG_CXX_LANGUAGE_STANDARD = "gnu++20";
				CLANG_ENABLE_MODULES = YES;
				CLANG_ENABLE_OBJC_ARC = YES;
				CLANG_ENABLE_OBJC_WEAK = YES;
				CLANG_WARN_BLOCK_CAPTURE_AUTORELEASING = YES;
				CLANG_WARN_BOOL_CONVERSION = YES;
				CLANG_WARN_COMMA = YES;
				CLANG_WARN_CONSTANT_CONVERSION = YES;
				CLANG_WARN_DEPRECATED_OBJC_IMPLEMENTATIONS = YES;
				CLANG_WARN_DIRECT_OBJC_ISA_USAGE = YES_ERROR;
				CLANG_WARN_DOCUMENTATION_COMMENTS = YES;
				CLANG_WARN_EMPTY_BODY = YES;
				CLANG_WARN_ENUM_CONVERSION = YES;
				CLANG_WARN_INFINITE_RECURSION = YES;
				CLANG_WARN_INT_CONVERSION = YES;
				CLANG_WARN_NON_LITERAL_NULL_CONVERSION = YES;
				CLANG_WARN_OBJC_IMPLICIT_RETAIN_SELF = YES;
				CLANG_WARN_OBJC_LITERAL_CONVERSION = YES;
				CLANG_WARN_OBJC_ROOT_CLASS = YES_ERROR;
				CLANG_WARN_QUOTED_INCLUDE_IN_FRAMEWORK_HEADER = YES;
				CLANG_WARN_RANGE_LOOP_ANALYSIS = YES;
				CLANG_WARN_STRICT_PROTOTYPES = YES;
				CLANG_WARN_SUSPICIOUS_MOVE = YES;
				CLANG_WARN_UNGUARDED_AVAILABILITY = YES_AGGRESSIVE;
				CLANG_WARN_UNREACHABLE_CODE = YES;
				CLANG_WARN__DUPLICATE_METHOD_MATCH = YES;
				COPY_PHASE_STRIP = NO;
				DEBUG_INFORMATION_FORMAT = dwarf;
				ENABLE_STRICT_OBJC_MSGSEND = YES;
				ENABLE_TESTABILITY = YES;
				GCC_C_LANGUAGE_STANDARD = gnu11;
				GCC_DYNAMIC_NO_PIC = NO;
				GCC_NO_COMMON_BLOCKS = YES;
				GCC_OPTIMIZATION_LEVEL = 0;
				GCC_PREPROCESSOR_DEFINITIONS = (
					"DEBUG=1",
					"$(inherited)",
				);
				GCC_WARN_64_TO_32_BIT_CONVERSION = YES;
				GCC_WARN_ABOUT_RETURN_TYPE = YES_ERROR;
				GCC_WARN_UNDECLARED_SELECTOR = YES;
				GCC_WARN_UNINITIALIZED_AUTOS = YES_AGGRESSIVE;
				GCC_WARN_UNUSED_FUNCTION = YES;
				GCC_WARN_UNUSED_VARIABLE = YES;
				IPHONEOS_DEPLOYMENT_TARGET = 16.0;
				MTL_ENABLE_DEBUG_INFO = INCLUDE_SOURCE;
				MTL_FAST_MATH = YES;
				ONLY_ACTIVE_ARCH = YES;
				SDKROOT = iphoneos;
				SWIFT_ACTIVE_COMPILATION_CONDITIONS = DEBUG;
				SWIFT_OPTIMIZATION_LEVEL = "-Onone";
			};
			name = Debug;
		};
		553ECDE12966B5E7003D8EEA /* Release */ = {
			isa = XCBuildConfiguration;
			buildSettings = {
				ALWAYS_SEARCH_USER_PATHS = NO;
				CLANG_ANALYZER_NONNULL = YES;
				CLANG_ANALYZER_NUMBER_OBJECT_CONVERSION = YES_AGGRESSIVE;
				CLANG_CXX_LANGUAGE_STANDARD = "gnu++20";
				CLANG_ENABLE_MODULES = YES;
				CLANG_ENABLE_OBJC_ARC = YES;
				CLANG_ENABLE_OBJC_WEAK = YES;
				CLANG_WARN_BLOCK_CAPTURE_AUTORELEASING = YES;
				CLANG_WARN_BOOL_CONVERSION = YES;
				CLANG_WARN_COMMA = YES;
				CLANG_WARN_CONSTANT_CONVERSION = YES;
				CLANG_WARN_DEPRECATED_OBJC_IMPLEMENTATIONS = YES;
				CLANG_WARN_DIRECT_OBJC_ISA_USAGE = YES_ERROR;
				CLANG_WARN_DOCUMENTATION_COMMENTS = YES;
				CLANG_WARN_EMPTY_BODY = YES;
				CLANG_WARN_ENUM_CONVERSION = YES;
				CLANG_WARN_INFINITE_RECURSION = YES;
				CLANG_WARN_INT_CONVERSION = YES;
				CLANG_WARN_NON_LITERAL_NULL_CONVERSION = YES;
				CLANG_WARN_OBJC_IMPLICIT_RETAIN_SELF = YES;
				CLANG_WARN_OBJC_LITERAL_CONVERSION = YES;
				CLANG_WARN_OBJC_ROOT_CLASS = YES_ERROR;
				CLANG_WARN_QUOTED_INCLUDE_IN_FRAMEWORK_HEADER = YES;
				CLANG_WARN_RANGE_LOOP_ANALYSIS = YES;
				CLANG_WARN_STRICT_PROTOTYPES = YES;
				CLANG_WARN_SUSPICIOUS_MOVE = YES;
				CLANG_WARN_UNGUARDED_AVAILABILITY = YES_AGGRESSIVE;
				CLANG_WARN_UNREACHABLE_CODE = YES;
				CLANG_WARN__DUPLICATE_METHOD_MATCH = YES;
				COPY_PHASE_STRIP = NO;
				DEBUG_INFORMATION_FORMAT = "dwarf-with-dsym";
				ENABLE_NS_ASSERTIONS = NO;
				ENABLE_STRICT_OBJC_MSGSEND = YES;
				GCC_C_LANGUAGE_STANDARD = gnu11;
				GCC_NO_COMMON_BLOCKS = YES;
				GCC_WARN_64_TO_32_BIT_CONVERSION = YES;
				GCC_WARN_ABOUT_RETURN_TYPE = YES_ERROR;
				GCC_WARN_UNDECLARED_SELECTOR = YES;
				GCC_WARN_UNINITIALIZED_AUTOS = YES_AGGRESSIVE;
				GCC_WARN_UNUSED_FUNCTION = YES;
				GCC_WARN_UNUSED_VARIABLE = YES;
				IPHONEOS_DEPLOYMENT_TARGET = 16.0;
				MTL_ENABLE_DEBUG_INFO = NO;
				MTL_FAST_MATH = YES;
				SDKROOT = iphoneos;
				SWIFT_COMPILATION_MODE = wholemodule;
				SWIFT_OPTIMIZATION_LEVEL = "-O";
				VALIDATE_PRODUCT = YES;
			};
			name = Release;
		};
		553ECDE32966B5E7003D8EEA /* Debug */ = {
			isa = XCBuildConfiguration;
			buildSettings = {
				ASSETCATALOG_COMPILER_APPICON_NAME = AppIcon;
				ASSETCATALOG_COMPILER_GLOBAL_ACCENT_COLOR_NAME = AccentColor;
				CODE_SIGN_STYLE = Automatic;
				CURRENT_PROJECT_VERSION = 1;
				GENERATE_INFOPLIST_FILE = YES;
				INFOPLIST_FILE = bonheur/Info.plist;
				INFOPLIST_KEY_UIApplicationSupportsIndirectInputEvents = YES;
				INFOPLIST_KEY_UILaunchStoryboardName = LaunchScreen;
				INFOPLIST_KEY_UISupportedInterfaceOrientations = UIInterfaceOrientationPortrait;
				INFOPLIST_KEY_UISupportedInterfaceOrientations_iPad = "UIInterfaceOrientationLandscapeLeft UIInterfaceOrientationLandscapeRight UIInterfaceOrientationPortrait UIInterfaceOrientationPortraitUpsideDown";
				IPHONEOS_DEPLOYMENT_TARGET = 15.0;
				LD_RUNPATH_SEARCH_PATHS = (
					"$(inherited)",
					"@executable_path/Frameworks",
				);
				MARKETING_VERSION = 1.0;
				PRODUCT_BUNDLE_IDENTIFIER = Colli.bonheur;
				PRODUCT_NAME = "$(TARGET_NAME)";
				SUPPORTED_PLATFORMS = "iphoneos iphonesimulator";
				SUPPORTS_MACCATALYST = NO;
				SUPPORTS_MAC_DESIGNED_FOR_IPHONE_IPAD = NO;
				SWIFT_EMIT_LOC_STRINGS = YES;
				SWIFT_VERSION = 5.0;
				TARGETED_DEVICE_FAMILY = 1;
			};
			name = Debug;
		};
		553ECDE42966B5E7003D8EEA /* Release */ = {
			isa = XCBuildConfiguration;
			buildSettings = {
				ASSETCATALOG_COMPILER_APPICON_NAME = AppIcon;
				ASSETCATALOG_COMPILER_GLOBAL_ACCENT_COLOR_NAME = AccentColor;
				CODE_SIGN_STYLE = Automatic;
				CURRENT_PROJECT_VERSION = 1;
				GENERATE_INFOPLIST_FILE = YES;
				INFOPLIST_FILE = bonheur/Info.plist;
				INFOPLIST_KEY_UIApplicationSupportsIndirectInputEvents = YES;
				INFOPLIST_KEY_UILaunchStoryboardName = LaunchScreen;
				INFOPLIST_KEY_UISupportedInterfaceOrientations = UIInterfaceOrientationPortrait;
				INFOPLIST_KEY_UISupportedInterfaceOrientations_iPad = "UIInterfaceOrientationLandscapeLeft UIInterfaceOrientationLandscapeRight UIInterfaceOrientationPortrait UIInterfaceOrientationPortraitUpsideDown";
				IPHONEOS_DEPLOYMENT_TARGET = 15.0;
				LD_RUNPATH_SEARCH_PATHS = (
					"$(inherited)",
					"@executable_path/Frameworks",
				);
				MARKETING_VERSION = 1.0;
				PRODUCT_BUNDLE_IDENTIFIER = Colli.bonheur;
				PRODUCT_NAME = "$(TARGET_NAME)";
				SUPPORTED_PLATFORMS = "iphoneos iphonesimulator";
				SUPPORTS_MACCATALYST = NO;
				SUPPORTS_MAC_DESIGNED_FOR_IPHONE_IPAD = NO;
				SWIFT_EMIT_LOC_STRINGS = YES;
				SWIFT_VERSION = 5.0;
				TARGETED_DEVICE_FAMILY = 1;
			};
			name = Release;
		};
/* End XCBuildConfiguration section */

/* Begin XCConfigurationList section */
		553ECDC92966B5E5003D8EEA /* Build configuration list for PBXProject "bonheur" */ = {
			isa = XCConfigurationList;
			buildConfigurations = (
				553ECDE02966B5E7003D8EEA /* Debug */,
				553ECDE12966B5E7003D8EEA /* Release */,
			);
			defaultConfigurationIsVisible = 0;
			defaultConfigurationName = Release;
		};
		553ECDE22966B5E7003D8EEA /* Build configuration list for PBXNativeTarget "bonheur" */ = {
			isa = XCConfigurationList;
			buildConfigurations = (
				553ECDE32966B5E7003D8EEA /* Debug */,
				553ECDE42966B5E7003D8EEA /* Release */,
			);
			defaultConfigurationIsVisible = 0;
			defaultConfigurationName = Release;
		};
/* End XCConfigurationList section */

/* Begin XCRemoteSwiftPackageReference section */
		559874742966BAE400A679C4 /* XCRemoteSwiftPackageReference "SnapKit" */ = {
			isa = XCRemoteSwiftPackageReference;
			repositoryURL = "https://github.com/SnapKit/SnapKit";
			requirement = {
				kind = upToNextMajorVersion;
				minimumVersion = 5.0.0;
			};
		};
/* End XCRemoteSwiftPackageReference section */
	};
	rootObject = 553ECDC62966B5E5003D8EEA /* Project object */;
}
